// !$*UTF8*$!
{
	archiveVersion = 1;
	classes = {
	};
	objectVersion = 50;
	objects = {

/* Begin PBXBuildFile section */
		FA1B27BB2235699800AC271D /* AppDelegate.swift in Sources */ = {isa = PBXBuildFile; fileRef = FA1B27BA2235699800AC271D /* AppDelegate.swift */; };
		FA1B27BD2235699800AC271D /* ChartViewController.swift in Sources */ = {isa = PBXBuildFile; fileRef = FA1B27BC2235699800AC271D /* ChartViewController.swift */; };
		FA1B27C02235699800AC271D /* Main.storyboard in Resources */ = {isa = PBXBuildFile; fileRef = FA1B27BE2235699800AC271D /* Main.storyboard */; };
		FA1B27C22235699C00AC271D /* Assets.xcassets in Resources */ = {isa = PBXBuildFile; fileRef = FA1B27C12235699C00AC271D /* Assets.xcassets */; };
		FA1B27C52235699C00AC271D /* LaunchScreen.storyboard in Resources */ = {isa = PBXBuildFile; fileRef = FA1B27C32235699C00AC271D /* LaunchScreen.storyboard */; };
		FA1B28A4223661F300AC271D /* TButton.swift in Sources */ = {isa = PBXBuildFile; fileRef = FA1B28A3223661F300AC271D /* TButton.swift */; };
		FA1B28A82236625600AC271D /* Settings.swift in Sources */ = {isa = PBXBuildFile; fileRef = FA1B28A72236625600AC271D /* Settings.swift */; };
		FA1B28AA2236656A00AC271D /* TLabel.swift in Sources */ = {isa = PBXBuildFile; fileRef = FA1B28A92236656A00AC271D /* TLabel.swift */; };
		FA1B28AC2236658E00AC271D /* TView.swift in Sources */ = {isa = PBXBuildFile; fileRef = FA1B28AB2236658E00AC271D /* TView.swift */; };
		FA1B28B022366BE100AC271D /* Localizable.strings in Resources */ = {isa = PBXBuildFile; fileRef = FA1B28B222366BE100AC271D /* Localizable.strings */; };
		FA1B2A452236711300AC271D /* Int.swift in Sources */ = {isa = PBXBuildFile; fileRef = FA1B29C82236711100AC271D /* Int.swift */; };
		FA1B2A462236711300AC271D /* ChartPointCandleStick.swift in Sources */ = {isa = PBXBuildFile; fileRef = FA1B29CA2236711100AC271D /* ChartPointCandleStick.swift */; };
		FA1B2A472236711300AC271D /* ChartPoint.swift in Sources */ = {isa = PBXBuildFile; fileRef = FA1B29CB2236711100AC271D /* ChartPoint.swift */; };
		FA1B2A482236711300AC271D /* ChartPointBubble.swift in Sources */ = {isa = PBXBuildFile; fileRef = FA1B29CC2236711100AC271D /* ChartPointBubble.swift */; };
		FA1B2A492236711300AC271D /* ChartViewsConflictSolver.swift in Sources */ = {isa = PBXBuildFile; fileRef = FA1B29CD2236711100AC271D /* ChartViewsConflictSolver.swift */; };
		FA1B2A4A2236711300AC271D /* ChartLineModel.swift in Sources */ = {isa = PBXBuildFile; fileRef = FA1B29CE2236711200AC271D /* ChartLineModel.swift */; };
		FA1B2A4B2236711300AC271D /* CGPoint.swift in Sources */ = {isa = PBXBuildFile; fileRef = FA1B29CF2236711200AC271D /* CGPoint.swift */; };
		FA1B2A4C2236711300AC271D /* ChartCoordsSpace.swift in Sources */ = {isa = PBXBuildFile; fileRef = FA1B29D02236711200AC271D /* ChartCoordsSpace.swift */; };
		FA1B2A4D2236711300AC271D /* CGRect.swift in Sources */ = {isa = PBXBuildFile; fileRef = FA1B29D12236711200AC271D /* CGRect.swift */; };
		FA1B2A4E2236711300AC271D /* ChartConfig.swift in Sources */ = {isa = PBXBuildFile; fileRef = FA1B29D32236711200AC271D /* ChartConfig.swift */; };
		FA1B2A4F2236711300AC271D /* LineChart.swift in Sources */ = {isa = PBXBuildFile; fileRef = FA1B29D42236711200AC271D /* LineChart.swift */; };
		FA1B2A502236711300AC271D /* BarsChart.swift in Sources */ = {isa = PBXBuildFile; fileRef = FA1B29D52236711200AC271D /* BarsChart.swift */; };
		FA1B2A512236711300AC271D /* Array_String.swift in Sources */ = {isa = PBXBuildFile; fileRef = FA1B29D62236711200AC271D /* Array_String.swift */; };
		FA1B2A522236711300AC271D /* NSDate.swift in Sources */ = {isa = PBXBuildFile; fileRef = FA1B29D72236711200AC271D /* NSDate.swift */; };
		FA1B2A532236711300AC271D /* ChartAxisValueDouble.swift in Sources */ = {isa = PBXBuildFile; fileRef = FA1B29D92236711200AC271D /* ChartAxisValueDouble.swift */; };
		FA1B2A542236711300AC271D /* ChartAxisValueDate.swift in Sources */ = {isa = PBXBuildFile; fileRef = FA1B29DA2236711200AC271D /* ChartAxisValueDate.swift */; };
		FA1B2A552236711300AC271D /* ChartAxisValueFloatScreenLoc.swift in Sources */ = {isa = PBXBuildFile; fileRef = FA1B29DB2236711200AC271D /* ChartAxisValueFloatScreenLoc.swift */; };
		FA1B2A562236711300AC271D /* ChartAxisValueInt.swift in Sources */ = {isa = PBXBuildFile; fileRef = FA1B29DC2236711200AC271D /* ChartAxisValueInt.swift */; };
		FA1B2A572236711300AC271D /* ChartAxisValueString.swift in Sources */ = {isa = PBXBuildFile; fileRef = FA1B29DD2236711200AC271D /* ChartAxisValueString.swift */; };
		FA1B2A582236711300AC271D /* ChartAxisValue.swift in Sources */ = {isa = PBXBuildFile; fileRef = FA1B29DE2236711200AC271D /* ChartAxisValue.swift */; };
		FA1B2A592236711300AC271D /* ChartAxisValueDoubleScreenLoc.swift in Sources */ = {isa = PBXBuildFile; fileRef = FA1B29DF2236711200AC271D /* ChartAxisValueDoubleScreenLoc.swift */; };
		FA1B2A5A2236711300AC271D /* ChartAxisValueFloat.swift in Sources */ = {isa = PBXBuildFile; fileRef = FA1B29E02236711200AC271D /* ChartAxisValueFloat.swift */; };
		FA1B2A5B2236711300AC271D /* ChartDrawerFunctions.swift in Sources */ = {isa = PBXBuildFile; fileRef = FA1B29E22236711200AC271D /* ChartDrawerFunctions.swift */; };
		FA1B2A5C2236711300AC271D /* ChartLabelDrawer.swift in Sources */ = {isa = PBXBuildFile; fileRef = FA1B29E32236711200AC271D /* ChartLabelDrawer.swift */; };
		FA1B2A5D2236711300AC271D /* ChartContextDrawer.swift in Sources */ = {isa = PBXBuildFile; fileRef = FA1B29E42236711200AC271D /* ChartContextDrawer.swift */; };
		FA1B2A5E2236711300AC271D /* ChartLineDrawer.swift in Sources */ = {isa = PBXBuildFile; fileRef = FA1B29E52236711200AC271D /* ChartLineDrawer.swift */; };
		FA1B2A5F2236711300AC271D /* ChartAxisValueArray.swift in Sources */ = {isa = PBXBuildFile; fileRef = FA1B29E62236711200AC271D /* ChartAxisValueArray.swift */; };
		FA1B2A602236711300AC271D /* ChartBarsLayer.swift in Sources */ = {isa = PBXBuildFile; fileRef = FA1B29E82236711200AC271D /* ChartBarsLayer.swift */; };
		FA1B2A612236711300AC271D /* ChartPointsSingleViewLayer.swift in Sources */ = {isa = PBXBuildFile; fileRef = FA1B29E92236711200AC271D /* ChartPointsSingleViewLayer.swift */; };
		FA1B2A622236711300AC271D /* ChartCoordsSpaceLayer.swift in Sources */ = {isa = PBXBuildFile; fileRef = FA1B29EA2236711200AC271D /* ChartCoordsSpaceLayer.swift */; };
		FA1B2A632236711300AC271D /* ChartLayerBase.swift in Sources */ = {isa = PBXBuildFile; fileRef = FA1B29EB2236711200AC271D /* ChartLayerBase.swift */; };
		FA1B2A642236711300AC271D /* ChartGuideLinesLayer.swift in Sources */ = {isa = PBXBuildFile; fileRef = FA1B29EC2236711200AC271D /* ChartGuideLinesLayer.swift */; };
		FA1B2A652236711300AC271D /* ChartPointsLineTrackerLayer.swift in Sources */ = {isa = PBXBuildFile; fileRef = FA1B29ED2236711200AC271D /* ChartPointsLineTrackerLayer.swift */; };
		FA1B2A662236711300AC271D /* ChartStackedBarsLayer.swift in Sources */ = {isa = PBXBuildFile; fileRef = FA1B29EE2236711200AC271D /* ChartStackedBarsLayer.swift */; };
		FA1B2A672236711300AC271D /* ChartPointsScatterLayer.swift in Sources */ = {isa = PBXBuildFile; fileRef = FA1B29EF2236711200AC271D /* ChartPointsScatterLayer.swift */; };
		FA1B2A682236711300AC271D /* ChartCandleStickLayer.swift in Sources */ = {isa = PBXBuildFile; fileRef = FA1B29F02236711200AC271D /* ChartCandleStickLayer.swift */; };
		FA1B2A692236711300AC271D /* ChartDividersLayer.swift in Sources */ = {isa = PBXBuildFile; fileRef = FA1B29F12236711200AC271D /* ChartDividersLayer.swift */; };
		FA1B2A6A2236711300AC271D /* ChartPointsLineLayer.swift in Sources */ = {isa = PBXBuildFile; fileRef = FA1B29F22236711200AC271D /* ChartPointsLineLayer.swift */; };
		FA1B2A6B2236711300AC271D /* ChartPointsViewsLayer.swift in Sources */ = {isa = PBXBuildFile; fileRef = FA1B29F32236711200AC271D /* ChartPointsViewsLayer.swift */; };
		FA1B2A6C2236711300AC271D /* ChartGroupedBarsLayer.swift in Sources */ = {isa = PBXBuildFile; fileRef = FA1B29F42236711200AC271D /* ChartGroupedBarsLayer.swift */; };
		FA1B2A6D2236711300AC271D /* ChartPointsCandleStickViewsLayer.swift in Sources */ = {isa = PBXBuildFile; fileRef = FA1B29F52236711200AC271D /* ChartPointsCandleStickViewsLayer.swift */; };
		FA1B2A6E2236711300AC271D /* ChartPointsAreaLayer.swift in Sources */ = {isa = PBXBuildFile; fileRef = FA1B29F62236711200AC271D /* ChartPointsAreaLayer.swift */; };
		FA1B2A6F2236711300AC271D /* GroupedBarsCompanionsLayer.swift in Sources */ = {isa = PBXBuildFile; fileRef = FA1B29F72236711200AC271D /* GroupedBarsCompanionsLayer.swift */; };
		FA1B2A702236711300AC271D /* ChartShowCoordsLinesLayer.swift in Sources */ = {isa = PBXBuildFile; fileRef = FA1B29F82236711200AC271D /* ChartShowCoordsLinesLayer.swift */; };
		FA1B2A712236711300AC271D /* ChartPointsTrackerLayer.swift in Sources */ = {isa = PBXBuildFile; fileRef = FA1B29F92236711200AC271D /* ChartPointsTrackerLayer.swift */; };
		FA1B2A722236711300AC271D /* ChartLayer.swift in Sources */ = {isa = PBXBuildFile; fileRef = FA1B29FA2236711200AC271D /* ChartLayer.swift */; };
		FA1B2A732236711300AC271D /* ChartPointsBubbleLayer.swift in Sources */ = {isa = PBXBuildFile; fileRef = FA1B29FB2236711200AC271D /* ChartPointsBubbleLayer.swift */; };
		FA1B2A742236711300AC271D /* ChartPointsTouchHighlightLayer.swift in Sources */ = {isa = PBXBuildFile; fileRef = FA1B29FC2236711200AC271D /* ChartPointsTouchHighlightLayer.swift */; };
		FA1B2A752236711300AC271D /* ChartPointsLayer.swift in Sources */ = {isa = PBXBuildFile; fileRef = FA1B29FD2236711200AC271D /* ChartPointsLayer.swift */; };
		FA1B2A762236711300AC271D /* UIColor.swift in Sources */ = {isa = PBXBuildFile; fileRef = FA1B29FE2236711200AC271D /* UIColor.swift */; };
		FA1B2A772236711300AC271D /* ChartAxisLabelGeneratorDate.swift in Sources */ = {isa = PBXBuildFile; fileRef = FA1B2A002236711200AC271D /* ChartAxisLabelGeneratorDate.swift */; };
		FA1B2A782236711300AC271D /* ChartAxisLabelsGenerator.swift in Sources */ = {isa = PBXBuildFile; fileRef = FA1B2A012236711200AC271D /* ChartAxisLabelsGenerator.swift */; };
		FA1B2A792236711300AC271D /* ChartAxisValueStaticGenerator.swift in Sources */ = {isa = PBXBuildFile; fileRef = FA1B2A022236711200AC271D /* ChartAxisValueStaticGenerator.swift */; };
		FA1B2A7A2236711300AC271D /* ChartAxisLabelsGeneratorNumberSuffix.swift in Sources */ = {isa = PBXBuildFile; fileRef = FA1B2A032236711200AC271D /* ChartAxisLabelsGeneratorNumberSuffix.swift */; };
		FA1B2A7B2236711300AC271D /* ChartAxisXLowLayerDefault.swift in Sources */ = {isa = PBXBuildFile; fileRef = FA1B2A042236711200AC271D /* ChartAxisXLowLayerDefault.swift */; };
		FA1B2A7C2236711300AC271D /* ChartAxisValuesGeneratorDate.swift in Sources */ = {isa = PBXBuildFile; fileRef = FA1B2A052236711200AC271D /* ChartAxisValuesGeneratorDate.swift */; };
		FA1B2A7D2236711300AC271D /* ChartAxisValuesGeneratorFixedNonOverlapping.swift in Sources */ = {isa = PBXBuildFile; fileRef = FA1B2A062236711200AC271D /* ChartAxisValuesGeneratorFixedNonOverlapping.swift */; };
		FA1B2A7E2236711300AC271D /* ChartAxisValuesGeneratorYFixedNonOverlapping.swift in Sources */ = {isa = PBXBuildFile; fileRef = FA1B2A072236711200AC271D /* ChartAxisValuesGeneratorYFixedNonOverlapping.swift */; };
		FA1B2A7F2236711300AC271D /* ChartAxisYLowLayerDefault.swift in Sources */ = {isa = PBXBuildFile; fileRef = FA1B2A082236711200AC271D /* ChartAxisYLowLayerDefault.swift */; };
		FA1B2A802236711300AC271D /* ChartAxisModel.swift in Sources */ = {isa = PBXBuildFile; fileRef = FA1B2A092236711200AC271D /* ChartAxisModel.swift */; };
		FA1B2A812236711300AC271D /* ChartAxisGeneratorMultiplier.swift in Sources */ = {isa = PBXBuildFile; fileRef = FA1B2A0A2236711200AC271D /* ChartAxisGeneratorMultiplier.swift */; };
		FA1B2A822236711300AC271D /* ChartAxis.swift in Sources */ = {isa = PBXBuildFile; fileRef = FA1B2A0B2236711200AC271D /* ChartAxis.swift */; };
		FA1B2A832236711300AC271D /* ChartAxisValuesGeneratorXFixedNonOverlapping.swift in Sources */ = {isa = PBXBuildFile; fileRef = FA1B2A0C2236711200AC271D /* ChartAxisValuesGeneratorXFixedNonOverlapping.swift */; };
		FA1B2A842236711300AC271D /* ChartAxisXHighLayerDefault.swift in Sources */ = {isa = PBXBuildFile; fileRef = FA1B2A0D2236711200AC271D /* ChartAxisXHighLayerDefault.swift */; };
		FA1B2A852236711300AC271D /* ChartAxisLabel.swift in Sources */ = {isa = PBXBuildFile; fileRef = FA1B2A0E2236711200AC271D /* ChartAxisLabel.swift */; };
		FA1B2A862236711300AC271D /* ChartAxisValuesGeneratorFixed.swift in Sources */ = {isa = PBXBuildFile; fileRef = FA1B2A0F2236711200AC271D /* ChartAxisValuesGeneratorFixed.swift */; };
		FA1B2A872236711300AC271D /* ChartAxisValuesGeneratorNice.swift in Sources */ = {isa = PBXBuildFile; fileRef = FA1B2A102236711200AC271D /* ChartAxisValuesGeneratorNice.swift */; };
		FA1B2A882236711300AC271D /* ChartAxisLayer.swift in Sources */ = {isa = PBXBuildFile; fileRef = FA1B2A112236711200AC271D /* ChartAxisLayer.swift */; };
		FA1B2A892236711300AC271D /* ChartAxisValuesGenerator.swift in Sources */ = {isa = PBXBuildFile; fileRef = FA1B2A122236711200AC271D /* ChartAxisValuesGenerator.swift */; };
		FA1B2A8A2236711300AC271D /* ChartAxisLabelsConflictSolver.swift in Sources */ = {isa = PBXBuildFile; fileRef = FA1B2A132236711200AC271D /* ChartAxisLabelsConflictSolver.swift */; };
		FA1B2A8B2236711300AC271D /* ChartAxisValuesGeneratorXDividers.swift in Sources */ = {isa = PBXBuildFile; fileRef = FA1B2A142236711200AC271D /* ChartAxisValuesGeneratorXDividers.swift */; };
		FA1B2A8C2236711300AC271D /* ChartAxisLayerDefault.swift in Sources */ = {isa = PBXBuildFile; fileRef = FA1B2A152236711200AC271D /* ChartAxisLayerDefault.swift */; };
		FA1B2A8D2236711300AC271D /* ChartAxisX.swift in Sources */ = {isa = PBXBuildFile; fileRef = FA1B2A162236711200AC271D /* ChartAxisX.swift */; };
		FA1B2A8E2236711300AC271D /* ChartAxisLabelsGeneratorBase.swift in Sources */ = {isa = PBXBuildFile; fileRef = FA1B2A172236711200AC271D /* ChartAxisLabelsGeneratorBase.swift */; };
		FA1B2A8F2236711300AC271D /* ChartAxisYLayerDefault.swift in Sources */ = {isa = PBXBuildFile; fileRef = FA1B2A182236711200AC271D /* ChartAxisYLayerDefault.swift */; };
		FA1B2A902236711300AC271D /* ChartAxisLabelsGeneratorFixed.swift in Sources */ = {isa = PBXBuildFile; fileRef = FA1B2A192236711200AC271D /* ChartAxisLabelsGeneratorFixed.swift */; };
		FA1B2A912236711300AC271D /* ChartAxisLabelsGeneratorBasic.swift in Sources */ = {isa = PBXBuildFile; fileRef = FA1B2A1A2236711200AC271D /* ChartAxisLabelsGeneratorBasic.swift */; };
		FA1B2A922236711300AC271D /* ChartAxisYHighLayerDefault.swift in Sources */ = {isa = PBXBuildFile; fileRef = FA1B2A1B2236711200AC271D /* ChartAxisYHighLayerDefault.swift */; };
		FA1B2A932236711300AC271D /* ChartAxisLabelsConflictSolverMoveUpDown.swift in Sources */ = {isa = PBXBuildFile; fileRef = FA1B2A1C2236711200AC271D /* ChartAxisLabelsConflictSolverMoveUpDown.swift */; };
		FA1B2A942236711300AC271D /* ChartAxisXLayerDefault.swift in Sources */ = {isa = PBXBuildFile; fileRef = FA1B2A1D2236711200AC271D /* ChartAxisXLayerDefault.swift */; };
		FA1B2A952236711300AC271D /* ChartAxisY.swift in Sources */ = {isa = PBXBuildFile; fileRef = FA1B2A1E2236711200AC271D /* ChartAxisY.swift */; };
		FA1B2A962236711300AC271D /* ChartAxisLabelsGeneratorNumber.swift in Sources */ = {isa = PBXBuildFile; fileRef = FA1B2A1F2236711200AC271D /* ChartAxisLabelsGeneratorNumber.swift */; };
		FA1B2A972236711300AC271D /* ChartAxisLabelsGeneratorFunc.swift in Sources */ = {isa = PBXBuildFile; fileRef = FA1B2A202236711200AC271D /* ChartAxisLabelsGeneratorFunc.swift */; };
		FA1B2A982236711300AC271D /* ChartNiceNumberCalculator.swift in Sources */ = {isa = PBXBuildFile; fileRef = FA1B2A222236711200AC271D /* ChartNiceNumberCalculator.swift */; };
		FA1B2A992236711300AC271D /* ChartViewSelector.swift in Sources */ = {isa = PBXBuildFile; fileRef = FA1B2A232236711200AC271D /* ChartViewSelector.swift */; };
		FA1B2A9A2236711300AC271D /* Operators.swift in Sources */ = {isa = PBXBuildFile; fileRef = FA1B2A242236711200AC271D /* Operators.swift */; };
		FA1B2A9B2236711300AC271D /* ChartViewSelectorAlpha.swift in Sources */ = {isa = PBXBuildFile; fileRef = FA1B2A252236711200AC271D /* ChartViewSelectorAlpha.swift */; };
		FA1B2A9C2236711300AC271D /* ChartTimeUtils.swift in Sources */ = {isa = PBXBuildFile; fileRef = FA1B2A262236711200AC271D /* ChartTimeUtils.swift */; };
		FA1B2A9D2236711300AC271D /* ChartTextUtils.swift in Sources */ = {isa = PBXBuildFile; fileRef = FA1B2A272236711200AC271D /* ChartTextUtils.swift */; };
		FA1B2A9E2236711300AC271D /* ChartViewSelectorBrightness.swift in Sources */ = {isa = PBXBuildFile; fileRef = FA1B2A282236711200AC271D /* ChartViewSelectorBrightness.swift */; };
		FA1B2A9F2236711300AC271D /* TrendlineGenerator.swift in Sources */ = {isa = PBXBuildFile; fileRef = FA1B2A2A2236711200AC271D /* TrendlineGenerator.swift */; };
		FA1B2AA02236711300AC271D /* ChartAreasView.swift in Sources */ = {isa = PBXBuildFile; fileRef = FA1B2A2C2236711200AC271D /* ChartAreasView.swift */; };
		FA1B2AA12236711300AC271D /* ChartViewAlphaAnimator.swift in Sources */ = {isa = PBXBuildFile; fileRef = FA1B2A2D2236711200AC271D /* ChartViewAlphaAnimator.swift */; };
		FA1B2AA22236711300AC271D /* ChartViewGrowAnimator.swift in Sources */ = {isa = PBXBuildFile; fileRef = FA1B2A2E2236711200AC271D /* ChartViewGrowAnimator.swift */; };
		FA1B2AA32236711300AC271D /* ChartPointTargetingView.swift in Sources */ = {isa = PBXBuildFile; fileRef = FA1B2A2F2236711200AC271D /* ChartPointTargetingView.swift */; };
		FA1B2AA42236711300AC271D /* HandlingLabel.swift in Sources */ = {isa = PBXBuildFile; fileRef = FA1B2A302236711200AC271D /* HandlingLabel.swift */; };
		FA1B2AA52236711300AC271D /* StraightLinePathGenerator.swift in Sources */ = {isa = PBXBuildFile; fileRef = FA1B2A312236711200AC271D /* StraightLinePathGenerator.swift */; };
		FA1B2AA62236711300AC271D /* HandlingView.swift in Sources */ = {isa = PBXBuildFile; fileRef = FA1B2A322236711200AC271D /* HandlingView.swift */; };
		FA1B2AA72236711300AC271D /* ChartPointViewBar.swift in Sources */ = {isa = PBXBuildFile; fileRef = FA1B2A332236711200AC271D /* ChartPointViewBar.swift */; };
		FA1B2AA82236711300AC271D /* ChartPointTextCircleView.swift in Sources */ = {isa = PBXBuildFile; fileRef = FA1B2A342236711200AC271D /* ChartPointTextCircleView.swift */; };
		FA1B2AA92236711300AC271D /* CubicLinePathGenerator.swift in Sources */ = {isa = PBXBuildFile; fileRef = FA1B2A352236711200AC271D /* CubicLinePathGenerator.swift */; };
		FA1B2AAA2236711300AC271D /* ChartPointViewBarStacked.swift in Sources */ = {isa = PBXBuildFile; fileRef = FA1B2A362236711200AC271D /* ChartPointViewBarStacked.swift */; };
		FA1B2AAB2236711300AC271D /* ChartCandleStickView.swift in Sources */ = {isa = PBXBuildFile; fileRef = FA1B2A372236711200AC271D /* ChartCandleStickView.swift */; };
		FA1B2AAC2236711300AC271D /* ChartViewAnimators.swift in Sources */ = {isa = PBXBuildFile; fileRef = FA1B2A382236711200AC271D /* ChartViewAnimators.swift */; };
		FA1B2AAD2236711300AC271D /* ChartLinesView.swift in Sources */ = {isa = PBXBuildFile; fileRef = FA1B2A392236711200AC271D /* ChartLinesView.swift */; };
		FA1B2AAE2236711300AC271D /* InfoBubble.swift in Sources */ = {isa = PBXBuildFile; fileRef = FA1B2A3A2236711200AC271D /* InfoBubble.swift */; };
		FA1B2AAF2236711300AC271D /* CatmullPathGenerator.swift in Sources */ = {isa = PBXBuildFile; fileRef = FA1B2A3B2236711200AC271D /* CatmullPathGenerator.swift */; };
		FA1B2AB02236711300AC271D /* ChartPointViewBarGreyOut.swift in Sources */ = {isa = PBXBuildFile; fileRef = FA1B2A3C2236711200AC271D /* ChartPointViewBarGreyOut.swift */; };
		FA1B2AB12236711300AC271D /* ChartViewAnimator.swift in Sources */ = {isa = PBXBuildFile; fileRef = FA1B2A3D2236711200AC271D /* ChartViewAnimator.swift */; };
		FA1B2AB22236711300AC271D /* ChartPointEllipseView.swift in Sources */ = {isa = PBXBuildFile; fileRef = FA1B2A3E2236711200AC271D /* ChartPointEllipseView.swift */; };
		FA1B2AB32236711300AC271D /* Pannable.swift in Sources */ = {isa = PBXBuildFile; fileRef = FA1B2A3F2236711200AC271D /* Pannable.swift */; };
		FA1B2AB42236711300AC271D /* Zoomable.swift in Sources */ = {isa = PBXBuildFile; fileRef = FA1B2A402236711200AC271D /* Zoomable.swift */; };
		FA1B2AB52236711300AC271D /* String.swift in Sources */ = {isa = PBXBuildFile; fileRef = FA1B2A412236711300AC271D /* String.swift */; };
		FA1B2AB62236711300AC271D /* Chart.swift in Sources */ = {isa = PBXBuildFile; fileRef = FA1B2A422236711300AC271D /* Chart.swift */; };
		FA1B2AB72236711300AC271D /* Optional.swift in Sources */ = {isa = PBXBuildFile; fileRef = FA1B2A432236711300AC271D /* Optional.swift */; };
		FA1B2AB82236711300AC271D /* Globals.swift in Sources */ = {isa = PBXBuildFile; fileRef = FA1B2A442236711300AC271D /* Globals.swift */; };
		FA1B2ABB22367E6600AC271D /* ChrtViewPresenter.swift in Sources */ = {isa = PBXBuildFile; fileRef = FA1B2ABA22367E6600AC271D /* ChrtViewPresenter.swift */; };
		FA1B2ABD2236800900AC271D /* ChartBuilder.swift in Sources */ = {isa = PBXBuildFile; fileRef = FA1B2ABC2236800900AC271D /* ChartBuilder.swift */; };
		FA1B2AC3223690A800AC271D /* BaseViewController.swift in Sources */ = {isa = PBXBuildFile; fileRef = FA1B2AC2223690A800AC271D /* BaseViewController.swift */; };
		FA1B2AC622369A2D00AC271D /* ThemeProtocol.swift in Sources */ = {isa = PBXBuildFile; fileRef = FA1B2AC522369A2D00AC271D /* ThemeProtocol.swift */; };
		FA1B2AC92236A58000AC271D /* chart_data.json in Resources */ = {isa = PBXBuildFile; fileRef = FA1B2AC82236A57F00AC271D /* chart_data.json */; };
		FA1B2ACF2236A66A00AC271D /* Constants.swift in Sources */ = {isa = PBXBuildFile; fileRef = FA1B2ACE2236A66A00AC271D /* Constants.swift */; };
		FAE0427F2237CE28007F972E /* JSONParser.swift in Sources */ = {isa = PBXBuildFile; fileRef = FAE0427E2237CE28007F972E /* JSONParser.swift */; };
		FAE042832237D42A007F972E /* ChartData.swift in Sources */ = {isa = PBXBuildFile; fileRef = FAE042822237D42A007F972E /* ChartData.swift */; };
		FAE0428522385063007F972E /* String+Extension.swift in Sources */ = {isa = PBXBuildFile; fileRef = FAE0428422385063007F972E /* String+Extension.swift */; };
/* End PBXBuildFile section */

/* Begin PBXFileReference section */
		FA1B27B72235699800AC271D /* TelegramChart.app */ = {isa = PBXFileReference; explicitFileType = wrapper.application; includeInIndex = 0; path = TelegramChart.app; sourceTree = BUILT_PRODUCTS_DIR; };
		FA1B27BA2235699800AC271D /* AppDelegate.swift */ = {isa = PBXFileReference; lastKnownFileType = sourcecode.swift; path = AppDelegate.swift; sourceTree = "<group>"; };
		FA1B27BC2235699800AC271D /* ChartViewController.swift */ = {isa = PBXFileReference; lastKnownFileType = sourcecode.swift; path = ChartViewController.swift; sourceTree = "<group>"; };
		FA1B27BF2235699800AC271D /* Base */ = {isa = PBXFileReference; lastKnownFileType = file.storyboard; name = Base; path = Base.lproj/Main.storyboard; sourceTree = "<group>"; };
		FA1B27C12235699C00AC271D /* Assets.xcassets */ = {isa = PBXFileReference; lastKnownFileType = folder.assetcatalog; path = Assets.xcassets; sourceTree = "<group>"; };
		FA1B27C42235699C00AC271D /* Base */ = {isa = PBXFileReference; lastKnownFileType = file.storyboard; name = Base; path = Base.lproj/LaunchScreen.storyboard; sourceTree = "<group>"; };
		FA1B27C62235699C00AC271D /* Info.plist */ = {isa = PBXFileReference; lastKnownFileType = text.plist.xml; path = Info.plist; sourceTree = "<group>"; };
		FA1B28A3223661F300AC271D /* TButton.swift */ = {isa = PBXFileReference; lastKnownFileType = sourcecode.swift; path = TButton.swift; sourceTree = "<group>"; };
		FA1B28A72236625600AC271D /* Settings.swift */ = {isa = PBXFileReference; lastKnownFileType = sourcecode.swift; path = Settings.swift; sourceTree = "<group>"; };
		FA1B28A92236656A00AC271D /* TLabel.swift */ = {isa = PBXFileReference; lastKnownFileType = sourcecode.swift; path = TLabel.swift; sourceTree = "<group>"; };
		FA1B28AB2236658E00AC271D /* TView.swift */ = {isa = PBXFileReference; lastKnownFileType = sourcecode.swift; path = TView.swift; sourceTree = "<group>"; };
		FA1B28B122366BE100AC271D /* en */ = {isa = PBXFileReference; lastKnownFileType = text.plist.strings; name = en; path = en.lproj/Localizable.strings; sourceTree = "<group>"; };
		FA1B29C82236711100AC271D /* Int.swift */ = {isa = PBXFileReference; fileEncoding = 4; lastKnownFileType = sourcecode.swift; path = Int.swift; sourceTree = "<group>"; };
		FA1B29CA2236711100AC271D /* ChartPointCandleStick.swift */ = {isa = PBXFileReference; fileEncoding = 4; lastKnownFileType = sourcecode.swift; path = ChartPointCandleStick.swift; sourceTree = "<group>"; };
		FA1B29CB2236711100AC271D /* ChartPoint.swift */ = {isa = PBXFileReference; fileEncoding = 4; lastKnownFileType = sourcecode.swift; path = ChartPoint.swift; sourceTree = "<group>"; };
		FA1B29CC2236711100AC271D /* ChartPointBubble.swift */ = {isa = PBXFileReference; fileEncoding = 4; lastKnownFileType = sourcecode.swift; path = ChartPointBubble.swift; sourceTree = "<group>"; };
		FA1B29CD2236711100AC271D /* ChartViewsConflictSolver.swift */ = {isa = PBXFileReference; fileEncoding = 4; lastKnownFileType = sourcecode.swift; path = ChartViewsConflictSolver.swift; sourceTree = "<group>"; };
		FA1B29CE2236711200AC271D /* ChartLineModel.swift */ = {isa = PBXFileReference; fileEncoding = 4; lastKnownFileType = sourcecode.swift; path = ChartLineModel.swift; sourceTree = "<group>"; };
		FA1B29CF2236711200AC271D /* CGPoint.swift */ = {isa = PBXFileReference; fileEncoding = 4; lastKnownFileType = sourcecode.swift; path = CGPoint.swift; sourceTree = "<group>"; };
		FA1B29D02236711200AC271D /* ChartCoordsSpace.swift */ = {isa = PBXFileReference; fileEncoding = 4; lastKnownFileType = sourcecode.swift; path = ChartCoordsSpace.swift; sourceTree = "<group>"; };
		FA1B29D12236711200AC271D /* CGRect.swift */ = {isa = PBXFileReference; fileEncoding = 4; lastKnownFileType = sourcecode.swift; path = CGRect.swift; sourceTree = "<group>"; };
		FA1B29D32236711200AC271D /* ChartConfig.swift */ = {isa = PBXFileReference; fileEncoding = 4; lastKnownFileType = sourcecode.swift; path = ChartConfig.swift; sourceTree = "<group>"; };
		FA1B29D42236711200AC271D /* LineChart.swift */ = {isa = PBXFileReference; fileEncoding = 4; lastKnownFileType = sourcecode.swift; path = LineChart.swift; sourceTree = "<group>"; };
		FA1B29D52236711200AC271D /* BarsChart.swift */ = {isa = PBXFileReference; fileEncoding = 4; lastKnownFileType = sourcecode.swift; path = BarsChart.swift; sourceTree = "<group>"; };
		FA1B29D62236711200AC271D /* Array_String.swift */ = {isa = PBXFileReference; fileEncoding = 4; lastKnownFileType = sourcecode.swift; path = Array_String.swift; sourceTree = "<group>"; };
		FA1B29D72236711200AC271D /* NSDate.swift */ = {isa = PBXFileReference; fileEncoding = 4; lastKnownFileType = sourcecode.swift; path = NSDate.swift; sourceTree = "<group>"; };
		FA1B29D92236711200AC271D /* ChartAxisValueDouble.swift */ = {isa = PBXFileReference; fileEncoding = 4; lastKnownFileType = sourcecode.swift; path = ChartAxisValueDouble.swift; sourceTree = "<group>"; };
		FA1B29DA2236711200AC271D /* ChartAxisValueDate.swift */ = {isa = PBXFileReference; fileEncoding = 4; lastKnownFileType = sourcecode.swift; path = ChartAxisValueDate.swift; sourceTree = "<group>"; };
		FA1B29DB2236711200AC271D /* ChartAxisValueFloatScreenLoc.swift */ = {isa = PBXFileReference; fileEncoding = 4; lastKnownFileType = sourcecode.swift; path = ChartAxisValueFloatScreenLoc.swift; sourceTree = "<group>"; };
		FA1B29DC2236711200AC271D /* ChartAxisValueInt.swift */ = {isa = PBXFileReference; fileEncoding = 4; lastKnownFileType = sourcecode.swift; path = ChartAxisValueInt.swift; sourceTree = "<group>"; };
		FA1B29DD2236711200AC271D /* ChartAxisValueString.swift */ = {isa = PBXFileReference; fileEncoding = 4; lastKnownFileType = sourcecode.swift; path = ChartAxisValueString.swift; sourceTree = "<group>"; };
		FA1B29DE2236711200AC271D /* ChartAxisValue.swift */ = {isa = PBXFileReference; fileEncoding = 4; lastKnownFileType = sourcecode.swift; path = ChartAxisValue.swift; sourceTree = "<group>"; };
		FA1B29DF2236711200AC271D /* ChartAxisValueDoubleScreenLoc.swift */ = {isa = PBXFileReference; fileEncoding = 4; lastKnownFileType = sourcecode.swift; path = ChartAxisValueDoubleScreenLoc.swift; sourceTree = "<group>"; };
		FA1B29E02236711200AC271D /* ChartAxisValueFloat.swift */ = {isa = PBXFileReference; fileEncoding = 4; lastKnownFileType = sourcecode.swift; path = ChartAxisValueFloat.swift; sourceTree = "<group>"; };
		FA1B29E22236711200AC271D /* ChartDrawerFunctions.swift */ = {isa = PBXFileReference; fileEncoding = 4; lastKnownFileType = sourcecode.swift; path = ChartDrawerFunctions.swift; sourceTree = "<group>"; };
		FA1B29E32236711200AC271D /* ChartLabelDrawer.swift */ = {isa = PBXFileReference; fileEncoding = 4; lastKnownFileType = sourcecode.swift; path = ChartLabelDrawer.swift; sourceTree = "<group>"; };
		FA1B29E42236711200AC271D /* ChartContextDrawer.swift */ = {isa = PBXFileReference; fileEncoding = 4; lastKnownFileType = sourcecode.swift; path = ChartContextDrawer.swift; sourceTree = "<group>"; };
		FA1B29E52236711200AC271D /* ChartLineDrawer.swift */ = {isa = PBXFileReference; fileEncoding = 4; lastKnownFileType = sourcecode.swift; path = ChartLineDrawer.swift; sourceTree = "<group>"; };
		FA1B29E62236711200AC271D /* ChartAxisValueArray.swift */ = {isa = PBXFileReference; fileEncoding = 4; lastKnownFileType = sourcecode.swift; path = ChartAxisValueArray.swift; sourceTree = "<group>"; };
		FA1B29E82236711200AC271D /* ChartBarsLayer.swift */ = {isa = PBXFileReference; fileEncoding = 4; lastKnownFileType = sourcecode.swift; path = ChartBarsLayer.swift; sourceTree = "<group>"; };
		FA1B29E92236711200AC271D /* ChartPointsSingleViewLayer.swift */ = {isa = PBXFileReference; fileEncoding = 4; lastKnownFileType = sourcecode.swift; path = ChartPointsSingleViewLayer.swift; sourceTree = "<group>"; };
		FA1B29EA2236711200AC271D /* ChartCoordsSpaceLayer.swift */ = {isa = PBXFileReference; fileEncoding = 4; lastKnownFileType = sourcecode.swift; path = ChartCoordsSpaceLayer.swift; sourceTree = "<group>"; };
		FA1B29EB2236711200AC271D /* ChartLayerBase.swift */ = {isa = PBXFileReference; fileEncoding = 4; lastKnownFileType = sourcecode.swift; path = ChartLayerBase.swift; sourceTree = "<group>"; };
		FA1B29EC2236711200AC271D /* ChartGuideLinesLayer.swift */ = {isa = PBXFileReference; fileEncoding = 4; lastKnownFileType = sourcecode.swift; path = ChartGuideLinesLayer.swift; sourceTree = "<group>"; };
		FA1B29ED2236711200AC271D /* ChartPointsLineTrackerLayer.swift */ = {isa = PBXFileReference; fileEncoding = 4; lastKnownFileType = sourcecode.swift; path = ChartPointsLineTrackerLayer.swift; sourceTree = "<group>"; };
		FA1B29EE2236711200AC271D /* ChartStackedBarsLayer.swift */ = {isa = PBXFileReference; fileEncoding = 4; lastKnownFileType = sourcecode.swift; path = ChartStackedBarsLayer.swift; sourceTree = "<group>"; };
		FA1B29EF2236711200AC271D /* ChartPointsScatterLayer.swift */ = {isa = PBXFileReference; fileEncoding = 4; lastKnownFileType = sourcecode.swift; path = ChartPointsScatterLayer.swift; sourceTree = "<group>"; };
		FA1B29F02236711200AC271D /* ChartCandleStickLayer.swift */ = {isa = PBXFileReference; fileEncoding = 4; lastKnownFileType = sourcecode.swift; path = ChartCandleStickLayer.swift; sourceTree = "<group>"; };
		FA1B29F12236711200AC271D /* ChartDividersLayer.swift */ = {isa = PBXFileReference; fileEncoding = 4; lastKnownFileType = sourcecode.swift; path = ChartDividersLayer.swift; sourceTree = "<group>"; };
		FA1B29F22236711200AC271D /* ChartPointsLineLayer.swift */ = {isa = PBXFileReference; fileEncoding = 4; lastKnownFileType = sourcecode.swift; path = ChartPointsLineLayer.swift; sourceTree = "<group>"; };
		FA1B29F32236711200AC271D /* ChartPointsViewsLayer.swift */ = {isa = PBXFileReference; fileEncoding = 4; lastKnownFileType = sourcecode.swift; path = ChartPointsViewsLayer.swift; sourceTree = "<group>"; };
		FA1B29F42236711200AC271D /* ChartGroupedBarsLayer.swift */ = {isa = PBXFileReference; fileEncoding = 4; lastKnownFileType = sourcecode.swift; path = ChartGroupedBarsLayer.swift; sourceTree = "<group>"; };
		FA1B29F52236711200AC271D /* ChartPointsCandleStickViewsLayer.swift */ = {isa = PBXFileReference; fileEncoding = 4; lastKnownFileType = sourcecode.swift; path = ChartPointsCandleStickViewsLayer.swift; sourceTree = "<group>"; };
		FA1B29F62236711200AC271D /* ChartPointsAreaLayer.swift */ = {isa = PBXFileReference; fileEncoding = 4; lastKnownFileType = sourcecode.swift; path = ChartPointsAreaLayer.swift; sourceTree = "<group>"; };
		FA1B29F72236711200AC271D /* GroupedBarsCompanionsLayer.swift */ = {isa = PBXFileReference; fileEncoding = 4; lastKnownFileType = sourcecode.swift; path = GroupedBarsCompanionsLayer.swift; sourceTree = "<group>"; };
		FA1B29F82236711200AC271D /* ChartShowCoordsLinesLayer.swift */ = {isa = PBXFileReference; fileEncoding = 4; lastKnownFileType = sourcecode.swift; path = ChartShowCoordsLinesLayer.swift; sourceTree = "<group>"; };
		FA1B29F92236711200AC271D /* ChartPointsTrackerLayer.swift */ = {isa = PBXFileReference; fileEncoding = 4; lastKnownFileType = sourcecode.swift; path = ChartPointsTrackerLayer.swift; sourceTree = "<group>"; };
		FA1B29FA2236711200AC271D /* ChartLayer.swift */ = {isa = PBXFileReference; fileEncoding = 4; lastKnownFileType = sourcecode.swift; path = ChartLayer.swift; sourceTree = "<group>"; };
		FA1B29FB2236711200AC271D /* ChartPointsBubbleLayer.swift */ = {isa = PBXFileReference; fileEncoding = 4; lastKnownFileType = sourcecode.swift; path = ChartPointsBubbleLayer.swift; sourceTree = "<group>"; };
		FA1B29FC2236711200AC271D /* ChartPointsTouchHighlightLayer.swift */ = {isa = PBXFileReference; fileEncoding = 4; lastKnownFileType = sourcecode.swift; path = ChartPointsTouchHighlightLayer.swift; sourceTree = "<group>"; };
		FA1B29FD2236711200AC271D /* ChartPointsLayer.swift */ = {isa = PBXFileReference; fileEncoding = 4; lastKnownFileType = sourcecode.swift; path = ChartPointsLayer.swift; sourceTree = "<group>"; };
		FA1B29FE2236711200AC271D /* UIColor.swift */ = {isa = PBXFileReference; fileEncoding = 4; lastKnownFileType = sourcecode.swift; path = UIColor.swift; sourceTree = "<group>"; };
		FA1B2A002236711200AC271D /* ChartAxisLabelGeneratorDate.swift */ = {isa = PBXFileReference; fileEncoding = 4; lastKnownFileType = sourcecode.swift; path = ChartAxisLabelGeneratorDate.swift; sourceTree = "<group>"; };
		FA1B2A012236711200AC271D /* ChartAxisLabelsGenerator.swift */ = {isa = PBXFileReference; fileEncoding = 4; lastKnownFileType = sourcecode.swift; path = ChartAxisLabelsGenerator.swift; sourceTree = "<group>"; };
		FA1B2A022236711200AC271D /* ChartAxisValueStaticGenerator.swift */ = {isa = PBXFileReference; fileEncoding = 4; lastKnownFileType = sourcecode.swift; path = ChartAxisValueStaticGenerator.swift; sourceTree = "<group>"; };
		FA1B2A032236711200AC271D /* ChartAxisLabelsGeneratorNumberSuffix.swift */ = {isa = PBXFileReference; fileEncoding = 4; lastKnownFileType = sourcecode.swift; path = ChartAxisLabelsGeneratorNumberSuffix.swift; sourceTree = "<group>"; };
		FA1B2A042236711200AC271D /* ChartAxisXLowLayerDefault.swift */ = {isa = PBXFileReference; fileEncoding = 4; lastKnownFileType = sourcecode.swift; path = ChartAxisXLowLayerDefault.swift; sourceTree = "<group>"; };
		FA1B2A052236711200AC271D /* ChartAxisValuesGeneratorDate.swift */ = {isa = PBXFileReference; fileEncoding = 4; lastKnownFileType = sourcecode.swift; path = ChartAxisValuesGeneratorDate.swift; sourceTree = "<group>"; };
		FA1B2A062236711200AC271D /* ChartAxisValuesGeneratorFixedNonOverlapping.swift */ = {isa = PBXFileReference; fileEncoding = 4; lastKnownFileType = sourcecode.swift; path = ChartAxisValuesGeneratorFixedNonOverlapping.swift; sourceTree = "<group>"; };
		FA1B2A072236711200AC271D /* ChartAxisValuesGeneratorYFixedNonOverlapping.swift */ = {isa = PBXFileReference; fileEncoding = 4; lastKnownFileType = sourcecode.swift; path = ChartAxisValuesGeneratorYFixedNonOverlapping.swift; sourceTree = "<group>"; };
		FA1B2A082236711200AC271D /* ChartAxisYLowLayerDefault.swift */ = {isa = PBXFileReference; fileEncoding = 4; lastKnownFileType = sourcecode.swift; path = ChartAxisYLowLayerDefault.swift; sourceTree = "<group>"; };
		FA1B2A092236711200AC271D /* ChartAxisModel.swift */ = {isa = PBXFileReference; fileEncoding = 4; lastKnownFileType = sourcecode.swift; path = ChartAxisModel.swift; sourceTree = "<group>"; };
		FA1B2A0A2236711200AC271D /* ChartAxisGeneratorMultiplier.swift */ = {isa = PBXFileReference; fileEncoding = 4; lastKnownFileType = sourcecode.swift; path = ChartAxisGeneratorMultiplier.swift; sourceTree = "<group>"; };
		FA1B2A0B2236711200AC271D /* ChartAxis.swift */ = {isa = PBXFileReference; fileEncoding = 4; lastKnownFileType = sourcecode.swift; path = ChartAxis.swift; sourceTree = "<group>"; };
		FA1B2A0C2236711200AC271D /* ChartAxisValuesGeneratorXFixedNonOverlapping.swift */ = {isa = PBXFileReference; fileEncoding = 4; lastKnownFileType = sourcecode.swift; path = ChartAxisValuesGeneratorXFixedNonOverlapping.swift; sourceTree = "<group>"; };
		FA1B2A0D2236711200AC271D /* ChartAxisXHighLayerDefault.swift */ = {isa = PBXFileReference; fileEncoding = 4; lastKnownFileType = sourcecode.swift; path = ChartAxisXHighLayerDefault.swift; sourceTree = "<group>"; };
		FA1B2A0E2236711200AC271D /* ChartAxisLabel.swift */ = {isa = PBXFileReference; fileEncoding = 4; lastKnownFileType = sourcecode.swift; path = ChartAxisLabel.swift; sourceTree = "<group>"; };
		FA1B2A0F2236711200AC271D /* ChartAxisValuesGeneratorFixed.swift */ = {isa = PBXFileReference; fileEncoding = 4; lastKnownFileType = sourcecode.swift; path = ChartAxisValuesGeneratorFixed.swift; sourceTree = "<group>"; };
		FA1B2A102236711200AC271D /* ChartAxisValuesGeneratorNice.swift */ = {isa = PBXFileReference; fileEncoding = 4; lastKnownFileType = sourcecode.swift; path = ChartAxisValuesGeneratorNice.swift; sourceTree = "<group>"; };
		FA1B2A112236711200AC271D /* ChartAxisLayer.swift */ = {isa = PBXFileReference; fileEncoding = 4; lastKnownFileType = sourcecode.swift; path = ChartAxisLayer.swift; sourceTree = "<group>"; };
		FA1B2A122236711200AC271D /* ChartAxisValuesGenerator.swift */ = {isa = PBXFileReference; fileEncoding = 4; lastKnownFileType = sourcecode.swift; path = ChartAxisValuesGenerator.swift; sourceTree = "<group>"; };
		FA1B2A132236711200AC271D /* ChartAxisLabelsConflictSolver.swift */ = {isa = PBXFileReference; fileEncoding = 4; lastKnownFileType = sourcecode.swift; path = ChartAxisLabelsConflictSolver.swift; sourceTree = "<group>"; };
		FA1B2A142236711200AC271D /* ChartAxisValuesGeneratorXDividers.swift */ = {isa = PBXFileReference; fileEncoding = 4; lastKnownFileType = sourcecode.swift; path = ChartAxisValuesGeneratorXDividers.swift; sourceTree = "<group>"; };
		FA1B2A152236711200AC271D /* ChartAxisLayerDefault.swift */ = {isa = PBXFileReference; fileEncoding = 4; lastKnownFileType = sourcecode.swift; path = ChartAxisLayerDefault.swift; sourceTree = "<group>"; };
		FA1B2A162236711200AC271D /* ChartAxisX.swift */ = {isa = PBXFileReference; fileEncoding = 4; lastKnownFileType = sourcecode.swift; path = ChartAxisX.swift; sourceTree = "<group>"; };
		FA1B2A172236711200AC271D /* ChartAxisLabelsGeneratorBase.swift */ = {isa = PBXFileReference; fileEncoding = 4; lastKnownFileType = sourcecode.swift; path = ChartAxisLabelsGeneratorBase.swift; sourceTree = "<group>"; };
		FA1B2A182236711200AC271D /* ChartAxisYLayerDefault.swift */ = {isa = PBXFileReference; fileEncoding = 4; lastKnownFileType = sourcecode.swift; path = ChartAxisYLayerDefault.swift; sourceTree = "<group>"; };
		FA1B2A192236711200AC271D /* ChartAxisLabelsGeneratorFixed.swift */ = {isa = PBXFileReference; fileEncoding = 4; lastKnownFileType = sourcecode.swift; path = ChartAxisLabelsGeneratorFixed.swift; sourceTree = "<group>"; };
		FA1B2A1A2236711200AC271D /* ChartAxisLabelsGeneratorBasic.swift */ = {isa = PBXFileReference; fileEncoding = 4; lastKnownFileType = sourcecode.swift; path = ChartAxisLabelsGeneratorBasic.swift; sourceTree = "<group>"; };
		FA1B2A1B2236711200AC271D /* ChartAxisYHighLayerDefault.swift */ = {isa = PBXFileReference; fileEncoding = 4; lastKnownFileType = sourcecode.swift; path = ChartAxisYHighLayerDefault.swift; sourceTree = "<group>"; };
		FA1B2A1C2236711200AC271D /* ChartAxisLabelsConflictSolverMoveUpDown.swift */ = {isa = PBXFileReference; fileEncoding = 4; lastKnownFileType = sourcecode.swift; path = ChartAxisLabelsConflictSolverMoveUpDown.swift; sourceTree = "<group>"; };
		FA1B2A1D2236711200AC271D /* ChartAxisXLayerDefault.swift */ = {isa = PBXFileReference; fileEncoding = 4; lastKnownFileType = sourcecode.swift; path = ChartAxisXLayerDefault.swift; sourceTree = "<group>"; };
		FA1B2A1E2236711200AC271D /* ChartAxisY.swift */ = {isa = PBXFileReference; fileEncoding = 4; lastKnownFileType = sourcecode.swift; path = ChartAxisY.swift; sourceTree = "<group>"; };
		FA1B2A1F2236711200AC271D /* ChartAxisLabelsGeneratorNumber.swift */ = {isa = PBXFileReference; fileEncoding = 4; lastKnownFileType = sourcecode.swift; path = ChartAxisLabelsGeneratorNumber.swift; sourceTree = "<group>"; };
		FA1B2A202236711200AC271D /* ChartAxisLabelsGeneratorFunc.swift */ = {isa = PBXFileReference; fileEncoding = 4; lastKnownFileType = sourcecode.swift; path = ChartAxisLabelsGeneratorFunc.swift; sourceTree = "<group>"; };
		FA1B2A222236711200AC271D /* ChartNiceNumberCalculator.swift */ = {isa = PBXFileReference; fileEncoding = 4; lastKnownFileType = sourcecode.swift; path = ChartNiceNumberCalculator.swift; sourceTree = "<group>"; };
		FA1B2A232236711200AC271D /* ChartViewSelector.swift */ = {isa = PBXFileReference; fileEncoding = 4; lastKnownFileType = sourcecode.swift; path = ChartViewSelector.swift; sourceTree = "<group>"; };
		FA1B2A242236711200AC271D /* Operators.swift */ = {isa = PBXFileReference; fileEncoding = 4; lastKnownFileType = sourcecode.swift; path = Operators.swift; sourceTree = "<group>"; };
		FA1B2A252236711200AC271D /* ChartViewSelectorAlpha.swift */ = {isa = PBXFileReference; fileEncoding = 4; lastKnownFileType = sourcecode.swift; path = ChartViewSelectorAlpha.swift; sourceTree = "<group>"; };
		FA1B2A262236711200AC271D /* ChartTimeUtils.swift */ = {isa = PBXFileReference; fileEncoding = 4; lastKnownFileType = sourcecode.swift; path = ChartTimeUtils.swift; sourceTree = "<group>"; };
		FA1B2A272236711200AC271D /* ChartTextUtils.swift */ = {isa = PBXFileReference; fileEncoding = 4; lastKnownFileType = sourcecode.swift; path = ChartTextUtils.swift; sourceTree = "<group>"; };
		FA1B2A282236711200AC271D /* ChartViewSelectorBrightness.swift */ = {isa = PBXFileReference; fileEncoding = 4; lastKnownFileType = sourcecode.swift; path = ChartViewSelectorBrightness.swift; sourceTree = "<group>"; };
		FA1B2A2A2236711200AC271D /* TrendlineGenerator.swift */ = {isa = PBXFileReference; fileEncoding = 4; lastKnownFileType = sourcecode.swift; path = TrendlineGenerator.swift; sourceTree = "<group>"; };
		FA1B2A2C2236711200AC271D /* ChartAreasView.swift */ = {isa = PBXFileReference; fileEncoding = 4; lastKnownFileType = sourcecode.swift; path = ChartAreasView.swift; sourceTree = "<group>"; };
		FA1B2A2D2236711200AC271D /* ChartViewAlphaAnimator.swift */ = {isa = PBXFileReference; fileEncoding = 4; lastKnownFileType = sourcecode.swift; path = ChartViewAlphaAnimator.swift; sourceTree = "<group>"; };
		FA1B2A2E2236711200AC271D /* ChartViewGrowAnimator.swift */ = {isa = PBXFileReference; fileEncoding = 4; lastKnownFileType = sourcecode.swift; path = ChartViewGrowAnimator.swift; sourceTree = "<group>"; };
		FA1B2A2F2236711200AC271D /* ChartPointTargetingView.swift */ = {isa = PBXFileReference; fileEncoding = 4; lastKnownFileType = sourcecode.swift; path = ChartPointTargetingView.swift; sourceTree = "<group>"; };
		FA1B2A302236711200AC271D /* HandlingLabel.swift */ = {isa = PBXFileReference; fileEncoding = 4; lastKnownFileType = sourcecode.swift; path = HandlingLabel.swift; sourceTree = "<group>"; };
		FA1B2A312236711200AC271D /* StraightLinePathGenerator.swift */ = {isa = PBXFileReference; fileEncoding = 4; lastKnownFileType = sourcecode.swift; path = StraightLinePathGenerator.swift; sourceTree = "<group>"; };
		FA1B2A322236711200AC271D /* HandlingView.swift */ = {isa = PBXFileReference; fileEncoding = 4; lastKnownFileType = sourcecode.swift; path = HandlingView.swift; sourceTree = "<group>"; };
		FA1B2A332236711200AC271D /* ChartPointViewBar.swift */ = {isa = PBXFileReference; fileEncoding = 4; lastKnownFileType = sourcecode.swift; path = ChartPointViewBar.swift; sourceTree = "<group>"; };
		FA1B2A342236711200AC271D /* ChartPointTextCircleView.swift */ = {isa = PBXFileReference; fileEncoding = 4; lastKnownFileType = sourcecode.swift; path = ChartPointTextCircleView.swift; sourceTree = "<group>"; };
		FA1B2A352236711200AC271D /* CubicLinePathGenerator.swift */ = {isa = PBXFileReference; fileEncoding = 4; lastKnownFileType = sourcecode.swift; path = CubicLinePathGenerator.swift; sourceTree = "<group>"; };
		FA1B2A362236711200AC271D /* ChartPointViewBarStacked.swift */ = {isa = PBXFileReference; fileEncoding = 4; lastKnownFileType = sourcecode.swift; path = ChartPointViewBarStacked.swift; sourceTree = "<group>"; };
		FA1B2A372236711200AC271D /* ChartCandleStickView.swift */ = {isa = PBXFileReference; fileEncoding = 4; lastKnownFileType = sourcecode.swift; path = ChartCandleStickView.swift; sourceTree = "<group>"; };
		FA1B2A382236711200AC271D /* ChartViewAnimators.swift */ = {isa = PBXFileReference; fileEncoding = 4; lastKnownFileType = sourcecode.swift; path = ChartViewAnimators.swift; sourceTree = "<group>"; };
		FA1B2A392236711200AC271D /* ChartLinesView.swift */ = {isa = PBXFileReference; fileEncoding = 4; lastKnownFileType = sourcecode.swift; path = ChartLinesView.swift; sourceTree = "<group>"; };
		FA1B2A3A2236711200AC271D /* InfoBubble.swift */ = {isa = PBXFileReference; fileEncoding = 4; lastKnownFileType = sourcecode.swift; path = InfoBubble.swift; sourceTree = "<group>"; };
		FA1B2A3B2236711200AC271D /* CatmullPathGenerator.swift */ = {isa = PBXFileReference; fileEncoding = 4; lastKnownFileType = sourcecode.swift; path = CatmullPathGenerator.swift; sourceTree = "<group>"; };
		FA1B2A3C2236711200AC271D /* ChartPointViewBarGreyOut.swift */ = {isa = PBXFileReference; fileEncoding = 4; lastKnownFileType = sourcecode.swift; path = ChartPointViewBarGreyOut.swift; sourceTree = "<group>"; };
		FA1B2A3D2236711200AC271D /* ChartViewAnimator.swift */ = {isa = PBXFileReference; fileEncoding = 4; lastKnownFileType = sourcecode.swift; path = ChartViewAnimator.swift; sourceTree = "<group>"; };
		FA1B2A3E2236711200AC271D /* ChartPointEllipseView.swift */ = {isa = PBXFileReference; fileEncoding = 4; lastKnownFileType = sourcecode.swift; path = ChartPointEllipseView.swift; sourceTree = "<group>"; };
		FA1B2A3F2236711200AC271D /* Pannable.swift */ = {isa = PBXFileReference; fileEncoding = 4; lastKnownFileType = sourcecode.swift; path = Pannable.swift; sourceTree = "<group>"; };
		FA1B2A402236711200AC271D /* Zoomable.swift */ = {isa = PBXFileReference; fileEncoding = 4; lastKnownFileType = sourcecode.swift; path = Zoomable.swift; sourceTree = "<group>"; };
		FA1B2A412236711300AC271D /* String.swift */ = {isa = PBXFileReference; fileEncoding = 4; lastKnownFileType = sourcecode.swift; path = String.swift; sourceTree = "<group>"; };
		FA1B2A422236711300AC271D /* Chart.swift */ = {isa = PBXFileReference; fileEncoding = 4; lastKnownFileType = sourcecode.swift; path = Chart.swift; sourceTree = "<group>"; };
		FA1B2A432236711300AC271D /* Optional.swift */ = {isa = PBXFileReference; fileEncoding = 4; lastKnownFileType = sourcecode.swift; path = Optional.swift; sourceTree = "<group>"; };
		FA1B2A442236711300AC271D /* Globals.swift */ = {isa = PBXFileReference; fileEncoding = 4; lastKnownFileType = sourcecode.swift; path = Globals.swift; sourceTree = "<group>"; };
		FA1B2ABA22367E6600AC271D /* ChrtViewPresenter.swift */ = {isa = PBXFileReference; lastKnownFileType = sourcecode.swift; path = ChrtViewPresenter.swift; sourceTree = "<group>"; };
		FA1B2ABC2236800900AC271D /* ChartBuilder.swift */ = {isa = PBXFileReference; lastKnownFileType = sourcecode.swift; path = ChartBuilder.swift; sourceTree = "<group>"; };
		FA1B2AC2223690A800AC271D /* BaseViewController.swift */ = {isa = PBXFileReference; lastKnownFileType = sourcecode.swift; path = BaseViewController.swift; sourceTree = "<group>"; };
		FA1B2AC522369A2D00AC271D /* ThemeProtocol.swift */ = {isa = PBXFileReference; lastKnownFileType = sourcecode.swift; path = ThemeProtocol.swift; sourceTree = "<group>"; };
		FA1B2AC82236A57F00AC271D /* chart_data.json */ = {isa = PBXFileReference; fileEncoding = 4; lastKnownFileType = text.json; path = chart_data.json; sourceTree = "<group>"; };
		FA1B2ACE2236A66A00AC271D /* Constants.swift */ = {isa = PBXFileReference; lastKnownFileType = sourcecode.swift; path = Constants.swift; sourceTree = "<group>"; };
		FAE0427E2237CE28007F972E /* JSONParser.swift */ = {isa = PBXFileReference; lastKnownFileType = sourcecode.swift; path = JSONParser.swift; sourceTree = "<group>"; };
		FAE042822237D42A007F972E /* ChartData.swift */ = {isa = PBXFileReference; lastKnownFileType = sourcecode.swift; path = ChartData.swift; sourceTree = "<group>"; };
		FAE0428422385063007F972E /* String+Extension.swift */ = {isa = PBXFileReference; lastKnownFileType = sourcecode.swift; path = "String+Extension.swift"; sourceTree = "<group>"; };
/* End PBXFileReference section */

/* Begin PBXFrameworksBuildPhase section */
		FA1B27B42235699800AC271D /* Frameworks */ = {
			isa = PBXFrameworksBuildPhase;
			buildActionMask = 2147483647;
			files = (
			);
			runOnlyForDeploymentPostprocessing = 0;
		};
/* End PBXFrameworksBuildPhase section */

/* Begin PBXGroup section */
		FA1B27AE2235699800AC271D = {
			isa = PBXGroup;
			children = (
				FA1B27B92235699800AC271D /* TelegramChart */,
				FA1B27B82235699800AC271D /* Products */,
			);
			sourceTree = "<group>";
		};
		FA1B27B82235699800AC271D /* Products */ = {
			isa = PBXGroup;
			children = (
				FA1B27B72235699800AC271D /* TelegramChart.app */,
			);
			name = Products;
			sourceTree = "<group>";
		};
		FA1B27B92235699800AC271D /* TelegramChart */ = {
			isa = PBXGroup;
			children = (
				FAE042802237D409007F972E /* Models */,
				FA1B2ACD2236A65B00AC271D /* Common */,
				FA1B2ACA2236A62F00AC271D /* Extensions */,
				FA1B2AC422369A0900AC271D /* Protocols */,
				FA1B28A52236623D00AC271D /* Managers */,
				FA1B27CF22356A5200AC271D /* UI */,
				FA1B27CD22356A0D00AC271D /* Resources */,
				FA1B27CC223569F600AC271D /* Application */,
				FA1B27C62235699C00AC271D /* Info.plist */,
			);
			path = TelegramChart;
			sourceTree = "<group>";
		};
		FA1B27CC223569F600AC271D /* Application */ = {
			isa = PBXGroup;
			children = (
				FA1B27BA2235699800AC271D /* AppDelegate.swift */,
			);
			path = Application;
			sourceTree = "<group>";
		};
		FA1B27CD22356A0D00AC271D /* Resources */ = {
			isa = PBXGroup;
			children = (
				FA1B2AC72236A56700AC271D /* ChartData */,
				FA1B28AD22366BA300AC271D /* Localizations */,
				FA1B27CE22356A2100AC271D /* Storyboards */,
				FA1B27C12235699C00AC271D /* Assets.xcassets */,
			);
			path = Resources;
			sourceTree = "<group>";
		};
		FA1B27CE22356A2100AC271D /* Storyboards */ = {
			isa = PBXGroup;
			children = (
				FA1B27BE2235699800AC271D /* Main.storyboard */,
				FA1B27C32235699C00AC271D /* LaunchScreen.storyboard */,
			);
			path = Storyboards;
			sourceTree = "<group>";
		};
		FA1B27CF22356A5200AC271D /* UI */ = {
			isa = PBXGroup;
			children = (
				FA1B289E2236611000AC271D /* Controls */,
				FA1B289D223656FF00AC271D /* Controllers */,
			);
			path = UI;
			sourceTree = "<group>";
		};
		FA1B289D223656FF00AC271D /* Controllers */ = {
			isa = PBXGroup;
			children = (
				FA1B2AC12236909300AC271D /* BaseViewController */,
				FA1B2AB922367E3B00AC271D /* ChartViewController */,
			);
			path = Controllers;
			sourceTree = "<group>";
		};
		FA1B289E2236611000AC271D /* Controls */ = {
			isa = PBXGroup;
			children = (
				FA1B28D1223670B700AC271D /* Chart */,
				FA1B28A1223661C300AC271D /* Label */,
				FA1B28A0223661BD00AC271D /* View */,
				FA1B289F2236613C00AC271D /* Button */,
			);
			path = Controls;
			sourceTree = "<group>";
		};
		FA1B289F2236613C00AC271D /* Button */ = {
			isa = PBXGroup;
			children = (
				FA1B28A3223661F300AC271D /* TButton.swift */,
			);
			path = Button;
			sourceTree = "<group>";
		};
		FA1B28A0223661BD00AC271D /* View */ = {
			isa = PBXGroup;
			children = (
				FA1B28AB2236658E00AC271D /* TView.swift */,
			);
			path = View;
			sourceTree = "<group>";
		};
		FA1B28A1223661C300AC271D /* Label */ = {
			isa = PBXGroup;
			children = (
				FA1B28A92236656A00AC271D /* TLabel.swift */,
			);
			path = Label;
			sourceTree = "<group>";
		};
		FA1B28A52236623D00AC271D /* Managers */ = {
			isa = PBXGroup;
			children = (
				FA1B28A72236625600AC271D /* Settings.swift */,
			);
			path = Managers;
			sourceTree = "<group>";
		};
		FA1B28AD22366BA300AC271D /* Localizations */ = {
			isa = PBXGroup;
			children = (
				FA1B28B222366BE100AC271D /* Localizable.strings */,
			);
			path = Localizations;
			sourceTree = "<group>";
		};
		FA1B28D1223670B700AC271D /* Chart */ = {
			isa = PBXGroup;
			children = (
				FA1B29FF2236711200AC271D /* Axis */,
				FA1B29D82236711200AC271D /* AxisValues */,
				FA1B29C92236711100AC271D /* ChartPoint */,
				FA1B29D22236711200AC271D /* Convenience */,
				FA1B29E12236711200AC271D /* Drawers */,
				FA1B29E72236711200AC271D /* Layers */,
				FA1B2A212236711200AC271D /* Utils */,
				FA1B2A2B2236711200AC271D /* Views */,
				FA1B29D62236711200AC271D /* Array_String.swift */,
				FA1B29CF2236711200AC271D /* CGPoint.swift */,
				FA1B29D12236711200AC271D /* CGRect.swift */,
				FA1B2A422236711300AC271D /* Chart.swift */,
				FA1B29E62236711200AC271D /* ChartAxisValueArray.swift */,
				FA1B29D02236711200AC271D /* ChartCoordsSpace.swift */,
				FA1B29CE2236711200AC271D /* ChartLineModel.swift */,
				FA1B29CD2236711100AC271D /* ChartViewsConflictSolver.swift */,
				FA1B2A442236711300AC271D /* Globals.swift */,
				FA1B29C82236711100AC271D /* Int.swift */,
				FA1B29D72236711200AC271D /* NSDate.swift */,
				FA1B2A432236711300AC271D /* Optional.swift */,
				FA1B2A3F2236711200AC271D /* Pannable.swift */,
				FA1B2A412236711300AC271D /* String.swift */,
				FA1B29FE2236711200AC271D /* UIColor.swift */,
				FA1B2A402236711200AC271D /* Zoomable.swift */,
				FA1B2ABC2236800900AC271D /* ChartBuilder.swift */,
			);
			path = Chart;
			sourceTree = "<group>";
		};
		FA1B29C92236711100AC271D /* ChartPoint */ = {
			isa = PBXGroup;
			children = (
				FA1B29CA2236711100AC271D /* ChartPointCandleStick.swift */,
				FA1B29CB2236711100AC271D /* ChartPoint.swift */,
				FA1B29CC2236711100AC271D /* ChartPointBubble.swift */,
			);
			path = ChartPoint;
			sourceTree = "<group>";
		};
		FA1B29D22236711200AC271D /* Convenience */ = {
			isa = PBXGroup;
			children = (
				FA1B29D32236711200AC271D /* ChartConfig.swift */,
				FA1B29D42236711200AC271D /* LineChart.swift */,
				FA1B29D52236711200AC271D /* BarsChart.swift */,
			);
			path = Convenience;
			sourceTree = "<group>";
		};
		FA1B29D82236711200AC271D /* AxisValues */ = {
			isa = PBXGroup;
			children = (
				FA1B29D92236711200AC271D /* ChartAxisValueDouble.swift */,
				FA1B29DA2236711200AC271D /* ChartAxisValueDate.swift */,
				FA1B29DB2236711200AC271D /* ChartAxisValueFloatScreenLoc.swift */,
				FA1B29DC2236711200AC271D /* ChartAxisValueInt.swift */,
				FA1B29DD2236711200AC271D /* ChartAxisValueString.swift */,
				FA1B29DE2236711200AC271D /* ChartAxisValue.swift */,
				FA1B29DF2236711200AC271D /* ChartAxisValueDoubleScreenLoc.swift */,
				FA1B29E02236711200AC271D /* ChartAxisValueFloat.swift */,
			);
			path = AxisValues;
			sourceTree = "<group>";
		};
		FA1B29E12236711200AC271D /* Drawers */ = {
			isa = PBXGroup;
			children = (
				FA1B29E22236711200AC271D /* ChartDrawerFunctions.swift */,
				FA1B29E32236711200AC271D /* ChartLabelDrawer.swift */,
				FA1B29E42236711200AC271D /* ChartContextDrawer.swift */,
				FA1B29E52236711200AC271D /* ChartLineDrawer.swift */,
			);
			path = Drawers;
			sourceTree = "<group>";
		};
		FA1B29E72236711200AC271D /* Layers */ = {
			isa = PBXGroup;
			children = (
				FA1B29E82236711200AC271D /* ChartBarsLayer.swift */,
				FA1B29E92236711200AC271D /* ChartPointsSingleViewLayer.swift */,
				FA1B29EA2236711200AC271D /* ChartCoordsSpaceLayer.swift */,
				FA1B29EB2236711200AC271D /* ChartLayerBase.swift */,
				FA1B29EC2236711200AC271D /* ChartGuideLinesLayer.swift */,
				FA1B29ED2236711200AC271D /* ChartPointsLineTrackerLayer.swift */,
				FA1B29EE2236711200AC271D /* ChartStackedBarsLayer.swift */,
				FA1B29EF2236711200AC271D /* ChartPointsScatterLayer.swift */,
				FA1B29F02236711200AC271D /* ChartCandleStickLayer.swift */,
				FA1B29F12236711200AC271D /* ChartDividersLayer.swift */,
				FA1B29F22236711200AC271D /* ChartPointsLineLayer.swift */,
				FA1B29F32236711200AC271D /* ChartPointsViewsLayer.swift */,
				FA1B29F42236711200AC271D /* ChartGroupedBarsLayer.swift */,
				FA1B29F52236711200AC271D /* ChartPointsCandleStickViewsLayer.swift */,
				FA1B29F62236711200AC271D /* ChartPointsAreaLayer.swift */,
				FA1B29F72236711200AC271D /* GroupedBarsCompanionsLayer.swift */,
				FA1B29F82236711200AC271D /* ChartShowCoordsLinesLayer.swift */,
				FA1B29F92236711200AC271D /* ChartPointsTrackerLayer.swift */,
				FA1B29FA2236711200AC271D /* ChartLayer.swift */,
				FA1B29FB2236711200AC271D /* ChartPointsBubbleLayer.swift */,
				FA1B29FC2236711200AC271D /* ChartPointsTouchHighlightLayer.swift */,
				FA1B29FD2236711200AC271D /* ChartPointsLayer.swift */,
			);
			path = Layers;
			sourceTree = "<group>";
		};
		FA1B29FF2236711200AC271D /* Axis */ = {
			isa = PBXGroup;
			children = (
				FA1B2A002236711200AC271D /* ChartAxisLabelGeneratorDate.swift */,
				FA1B2A012236711200AC271D /* ChartAxisLabelsGenerator.swift */,
				FA1B2A022236711200AC271D /* ChartAxisValueStaticGenerator.swift */,
				FA1B2A032236711200AC271D /* ChartAxisLabelsGeneratorNumberSuffix.swift */,
				FA1B2A042236711200AC271D /* ChartAxisXLowLayerDefault.swift */,
				FA1B2A052236711200AC271D /* ChartAxisValuesGeneratorDate.swift */,
				FA1B2A062236711200AC271D /* ChartAxisValuesGeneratorFixedNonOverlapping.swift */,
				FA1B2A072236711200AC271D /* ChartAxisValuesGeneratorYFixedNonOverlapping.swift */,
				FA1B2A082236711200AC271D /* ChartAxisYLowLayerDefault.swift */,
				FA1B2A092236711200AC271D /* ChartAxisModel.swift */,
				FA1B2A0A2236711200AC271D /* ChartAxisGeneratorMultiplier.swift */,
				FA1B2A0B2236711200AC271D /* ChartAxis.swift */,
				FA1B2A0C2236711200AC271D /* ChartAxisValuesGeneratorXFixedNonOverlapping.swift */,
				FA1B2A0D2236711200AC271D /* ChartAxisXHighLayerDefault.swift */,
				FA1B2A0E2236711200AC271D /* ChartAxisLabel.swift */,
				FA1B2A0F2236711200AC271D /* ChartAxisValuesGeneratorFixed.swift */,
				FA1B2A102236711200AC271D /* ChartAxisValuesGeneratorNice.swift */,
				FA1B2A112236711200AC271D /* ChartAxisLayer.swift */,
				FA1B2A122236711200AC271D /* ChartAxisValuesGenerator.swift */,
				FA1B2A132236711200AC271D /* ChartAxisLabelsConflictSolver.swift */,
				FA1B2A142236711200AC271D /* ChartAxisValuesGeneratorXDividers.swift */,
				FA1B2A152236711200AC271D /* ChartAxisLayerDefault.swift */,
				FA1B2A162236711200AC271D /* ChartAxisX.swift */,
				FA1B2A172236711200AC271D /* ChartAxisLabelsGeneratorBase.swift */,
				FA1B2A182236711200AC271D /* ChartAxisYLayerDefault.swift */,
				FA1B2A192236711200AC271D /* ChartAxisLabelsGeneratorFixed.swift */,
				FA1B2A1A2236711200AC271D /* ChartAxisLabelsGeneratorBasic.swift */,
				FA1B2A1B2236711200AC271D /* ChartAxisYHighLayerDefault.swift */,
				FA1B2A1C2236711200AC271D /* ChartAxisLabelsConflictSolverMoveUpDown.swift */,
				FA1B2A1D2236711200AC271D /* ChartAxisXLayerDefault.swift */,
				FA1B2A1E2236711200AC271D /* ChartAxisY.swift */,
				FA1B2A1F2236711200AC271D /* ChartAxisLabelsGeneratorNumber.swift */,
				FA1B2A202236711200AC271D /* ChartAxisLabelsGeneratorFunc.swift */,
			);
			path = Axis;
			sourceTree = "<group>";
		};
		FA1B2A212236711200AC271D /* Utils */ = {
			isa = PBXGroup;
			children = (
				FA1B2A222236711200AC271D /* ChartNiceNumberCalculator.swift */,
				FA1B2A232236711200AC271D /* ChartViewSelector.swift */,
				FA1B2A242236711200AC271D /* Operators.swift */,
				FA1B2A252236711200AC271D /* ChartViewSelectorAlpha.swift */,
				FA1B2A262236711200AC271D /* ChartTimeUtils.swift */,
				FA1B2A272236711200AC271D /* ChartTextUtils.swift */,
				FA1B2A282236711200AC271D /* ChartViewSelectorBrightness.swift */,
				FA1B2A292236711200AC271D /* Trendlines */,
			);
			path = Utils;
			sourceTree = "<group>";
		};
		FA1B2A292236711200AC271D /* Trendlines */ = {
			isa = PBXGroup;
			children = (
				FA1B2A2A2236711200AC271D /* TrendlineGenerator.swift */,
			);
			path = Trendlines;
			sourceTree = "<group>";
		};
		FA1B2A2B2236711200AC271D /* Views */ = {
			isa = PBXGroup;
			children = (
				FA1B2A2C2236711200AC271D /* ChartAreasView.swift */,
				FA1B2A2D2236711200AC271D /* ChartViewAlphaAnimator.swift */,
				FA1B2A2E2236711200AC271D /* ChartViewGrowAnimator.swift */,
				FA1B2A2F2236711200AC271D /* ChartPointTargetingView.swift */,
				FA1B2A302236711200AC271D /* HandlingLabel.swift */,
				FA1B2A312236711200AC271D /* StraightLinePathGenerator.swift */,
				FA1B2A322236711200AC271D /* HandlingView.swift */,
				FA1B2A332236711200AC271D /* ChartPointViewBar.swift */,
				FA1B2A342236711200AC271D /* ChartPointTextCircleView.swift */,
				FA1B2A352236711200AC271D /* CubicLinePathGenerator.swift */,
				FA1B2A362236711200AC271D /* ChartPointViewBarStacked.swift */,
				FA1B2A372236711200AC271D /* ChartCandleStickView.swift */,
				FA1B2A382236711200AC271D /* ChartViewAnimators.swift */,
				FA1B2A392236711200AC271D /* ChartLinesView.swift */,
				FA1B2A3A2236711200AC271D /* InfoBubble.swift */,
				FA1B2A3B2236711200AC271D /* CatmullPathGenerator.swift */,
				FA1B2A3C2236711200AC271D /* ChartPointViewBarGreyOut.swift */,
				FA1B2A3D2236711200AC271D /* ChartViewAnimator.swift */,
				FA1B2A3E2236711200AC271D /* ChartPointEllipseView.swift */,
			);
			path = Views;
			sourceTree = "<group>";
		};
		FA1B2AB922367E3B00AC271D /* ChartViewController */ = {
			isa = PBXGroup;
			children = (
				FA1B27BC2235699800AC271D /* ChartViewController.swift */,
				FA1B2ABA22367E6600AC271D /* ChrtViewPresenter.swift */,
			);
			path = ChartViewController;
			sourceTree = "<group>";
		};
		FA1B2AC12236909300AC271D /* BaseViewController */ = {
			isa = PBXGroup;
			children = (
				FA1B2AC2223690A800AC271D /* BaseViewController.swift */,
			);
			path = BaseViewController;
			sourceTree = "<group>";
		};
		FA1B2AC422369A0900AC271D /* Protocols */ = {
			isa = PBXGroup;
			children = (
				FA1B2AC522369A2D00AC271D /* ThemeProtocol.swift */,
			);
			path = Protocols;
			sourceTree = "<group>";
		};
		FA1B2AC72236A56700AC271D /* ChartData */ = {
			isa = PBXGroup;
			children = (
				FA1B2AC82236A57F00AC271D /* chart_data.json */,
			);
			path = ChartData;
			sourceTree = "<group>";
		};
		FA1B2ACA2236A62F00AC271D /* Extensions */ = {
			isa = PBXGroup;
			children = (
				FAE0428422385063007F972E /* String+Extension.swift */,
			);
			path = Extensions;
			sourceTree = "<group>";
		};
		FA1B2ACD2236A65B00AC271D /* Common */ = {
			isa = PBXGroup;
			children = (
				FAE0427E2237CE28007F972E /* JSONParser.swift */,
				FA1B2ACE2236A66A00AC271D /* Constants.swift */,
			);
			path = Common;
			sourceTree = "<group>";
		};
		FAE042802237D409007F972E /* Models */ = {
			isa = PBXGroup;
			children = (
				FAE042812237D40F007F972E /* ChartData */,
			);
			path = Models;
			sourceTree = "<group>";
		};
		FAE042812237D40F007F972E /* ChartData */ = {
			isa = PBXGroup;
			children = (
				FAE042822237D42A007F972E /* ChartData.swift */,
			);
			path = ChartData;
			sourceTree = "<group>";
		};
/* End PBXGroup section */

/* Begin PBXNativeTarget section */
		FA1B27B62235699800AC271D /* TelegramChart */ = {
			isa = PBXNativeTarget;
			buildConfigurationList = FA1B27C92235699C00AC271D /* Build configuration list for PBXNativeTarget "TelegramChart" */;
			buildPhases = (
				FA1B27B32235699800AC271D /* Sources */,
				FA1B27B42235699800AC271D /* Frameworks */,
				FA1B27B52235699800AC271D /* Resources */,
			);
			buildRules = (
			);
			dependencies = (
			);
			name = TelegramChart;
			productName = TelegramChart;
			productReference = FA1B27B72235699800AC271D /* TelegramChart.app */;
			productType = "com.apple.product-type.application";
		};
/* End PBXNativeTarget section */

/* Begin PBXProject section */
		FA1B27AF2235699800AC271D /* Project object */ = {
			isa = PBXProject;
			attributes = {
				LastSwiftUpdateCheck = 1010;
				LastUpgradeCheck = 1010;
				ORGANIZATIONNAME = DmitriyPuchka;
				TargetAttributes = {
					FA1B27B62235699800AC271D = {
						CreatedOnToolsVersion = 10.1;
					};
				};
			};
			buildConfigurationList = FA1B27B22235699800AC271D /* Build configuration list for PBXProject "TelegramChart" */;
			compatibilityVersion = "Xcode 9.3";
			developmentRegion = en;
			hasScannedForEncodings = 0;
			knownRegions = (
				en,
				Base,
			);
			mainGroup = FA1B27AE2235699800AC271D;
			productRefGroup = FA1B27B82235699800AC271D /* Products */;
			projectDirPath = "";
			projectRoot = "";
			targets = (
				FA1B27B62235699800AC271D /* TelegramChart */,
			);
		};
/* End PBXProject section */

/* Begin PBXResourcesBuildPhase section */
		FA1B27B52235699800AC271D /* Resources */ = {
			isa = PBXResourcesBuildPhase;
			buildActionMask = 2147483647;
			files = (
				FA1B2AC92236A58000AC271D /* chart_data.json in Resources */,
				FA1B27C52235699C00AC271D /* LaunchScreen.storyboard in Resources */,
				FA1B28B022366BE100AC271D /* Localizable.strings in Resources */,
				FA1B27C22235699C00AC271D /* Assets.xcassets in Resources */,
				FA1B27C02235699800AC271D /* Main.storyboard in Resources */,
			);
			runOnlyForDeploymentPostprocessing = 0;
		};
/* End PBXResourcesBuildPhase section */

/* Begin PBXSourcesBuildPhase section */
		FA1B27B32235699800AC271D /* Sources */ = {
			isa = PBXSourcesBuildPhase;
			buildActionMask = 2147483647;
			files = (
				FA1B2A932236711300AC271D /* ChartAxisLabelsConflictSolverMoveUpDown.swift in Sources */,
				FA1B2AB12236711300AC271D /* ChartViewAnimator.swift in Sources */,
				FAE0428522385063007F972E /* String+Extension.swift in Sources */,
				FA1B2A592236711300AC271D /* ChartAxisValueDoubleScreenLoc.swift in Sources */,
				FA1B2A6A2236711300AC271D /* ChartPointsLineLayer.swift in Sources */,
				FA1B2A5D2236711300AC271D /* ChartContextDrawer.swift in Sources */,
				FA1B2A5F2236711300AC271D /* ChartAxisValueArray.swift in Sources */,
				FA1B2A812236711300AC271D /* ChartAxisGeneratorMultiplier.swift in Sources */,
				FA1B2A742236711300AC271D /* ChartPointsTouchHighlightLayer.swift in Sources */,
				FA1B2A7F2236711300AC271D /* ChartAxisYLowLayerDefault.swift in Sources */,
				FA1B2AA52236711300AC271D /* StraightLinePathGenerator.swift in Sources */,
				FA1B2AA82236711300AC271D /* ChartPointTextCircleView.swift in Sources */,
				FA1B2A622236711300AC271D /* ChartCoordsSpaceLayer.swift in Sources */,
				FA1B2A732236711300AC271D /* ChartPointsBubbleLayer.swift in Sources */,
				FA1B2A852236711300AC271D /* ChartAxisLabel.swift in Sources */,
				FA1B28A4223661F300AC271D /* TButton.swift in Sources */,
				FA1B2A6B2236711300AC271D /* ChartPointsViewsLayer.swift in Sources */,
				FA1B2A6D2236711300AC271D /* ChartPointsCandleStickViewsLayer.swift in Sources */,
				FA1B28AC2236658E00AC271D /* TView.swift in Sources */,
				FA1B2A4F2236711300AC271D /* LineChart.swift in Sources */,
				FA1B2A992236711300AC271D /* ChartViewSelector.swift in Sources */,
				FAE042832237D42A007F972E /* ChartData.swift in Sources */,
				FA1B2A472236711300AC271D /* ChartPoint.swift in Sources */,
				FA1B2A532236711300AC271D /* ChartAxisValueDouble.swift in Sources */,
				FA1B2A6F2236711300AC271D /* GroupedBarsCompanionsLayer.swift in Sources */,
				FA1B2A9F2236711300AC271D /* TrendlineGenerator.swift in Sources */,
				FA1B2AA22236711300AC271D /* ChartViewGrowAnimator.swift in Sources */,
				FA1B2A482236711300AC271D /* ChartPointBubble.swift in Sources */,
				FA1B2AA12236711300AC271D /* ChartViewAlphaAnimator.swift in Sources */,
				FA1B2AC622369A2D00AC271D /* ThemeProtocol.swift in Sources */,
				FA1B2A782236711300AC271D /* ChartAxisLabelsGenerator.swift in Sources */,
				FA1B2A772236711300AC271D /* ChartAxisLabelGeneratorDate.swift in Sources */,
				FA1B2AA02236711300AC271D /* ChartAreasView.swift in Sources */,
				FA1B2A4E2236711300AC271D /* ChartConfig.swift in Sources */,
				FA1B2A922236711300AC271D /* ChartAxisYHighLayerDefault.swift in Sources */,
				FA1B2A8F2236711300AC271D /* ChartAxisYLayerDefault.swift in Sources */,
				FA1B2AAC2236711300AC271D /* ChartViewAnimators.swift in Sources */,
				FA1B2A822236711300AC271D /* ChartAxis.swift in Sources */,
				FA1B28AA2236656A00AC271D /* TLabel.swift in Sources */,
				FA1B2A682236711300AC271D /* ChartCandleStickLayer.swift in Sources */,
				FA1B2ACF2236A66A00AC271D /* Constants.swift in Sources */,
				FA1B2A9C2236711300AC271D /* ChartTimeUtils.swift in Sources */,
				FA1B2A972236711300AC271D /* ChartAxisLabelsGeneratorFunc.swift in Sources */,
				FA1B2A7D2236711300AC271D /* ChartAxisValuesGeneratorFixedNonOverlapping.swift in Sources */,
				FA1B2A552236711300AC271D /* ChartAxisValueFloatScreenLoc.swift in Sources */,
				FA1B2A792236711300AC271D /* ChartAxisValueStaticGenerator.swift in Sources */,
				FA1B2A802236711300AC271D /* ChartAxisModel.swift in Sources */,
				FA1B2A5A2236711300AC271D /* ChartAxisValueFloat.swift in Sources */,
				FA1B2A562236711300AC271D /* ChartAxisValueInt.swift in Sources */,
				FA1B2A692236711300AC271D /* ChartDividersLayer.swift in Sources */,
				FA1B2A602236711300AC271D /* ChartBarsLayer.swift in Sources */,
				FA1B2A452236711300AC271D /* Int.swift in Sources */,
				FA1B2AB42236711300AC271D /* Zoomable.swift in Sources */,
				FA1B2AA32236711300AC271D /* ChartPointTargetingView.swift in Sources */,
				FA1B2AA92236711300AC271D /* CubicLinePathGenerator.swift in Sources */,
				FA1B2A7B2236711300AC271D /* ChartAxisXLowLayerDefault.swift in Sources */,
				FA1B2AB22236711300AC271D /* ChartPointEllipseView.swift in Sources */,
				FA1B2AB02236711300AC271D /* ChartPointViewBarGreyOut.swift in Sources */,
				FA1B2A8B2236711300AC271D /* ChartAxisValuesGeneratorXDividers.swift in Sources */,
				FA1B2A6C2236711300AC271D /* ChartGroupedBarsLayer.swift in Sources */,
				FA1B2A642236711300AC271D /* ChartGuideLinesLayer.swift in Sources */,
				FA1B2A962236711300AC271D /* ChartAxisLabelsGeneratorNumber.swift in Sources */,
				FA1B2A912236711300AC271D /* ChartAxisLabelsGeneratorBasic.swift in Sources */,
				FA1B27BD2235699800AC271D /* ChartViewController.swift in Sources */,
				FA1B2AA62236711300AC271D /* HandlingView.swift in Sources */,
				FA1B2A5E2236711300AC271D /* ChartLineDrawer.swift in Sources */,
				FA1B2A762236711300AC271D /* UIColor.swift in Sources */,
				FA1B2A9B2236711300AC271D /* ChartViewSelectorAlpha.swift in Sources */,
				FA1B2AA42236711300AC271D /* HandlingLabel.swift in Sources */,
				FA1B2A6E2236711300AC271D /* ChartPointsAreaLayer.swift in Sources */,
				FA1B2A4D2236711300AC271D /* CGRect.swift in Sources */,
				FA1B2A612236711300AC271D /* ChartPointsSingleViewLayer.swift in Sources */,
				FA1B2A7E2236711300AC271D /* ChartAxisValuesGeneratorYFixedNonOverlapping.swift in Sources */,
				FA1B2A8E2236711300AC271D /* ChartAxisLabelsGeneratorBase.swift in Sources */,
				FA1B2A8C2236711300AC271D /* ChartAxisLayerDefault.swift in Sources */,
				FA1B2A862236711300AC271D /* ChartAxisValuesGeneratorFixed.swift in Sources */,
				FA1B2A7C2236711300AC271D /* ChartAxisValuesGeneratorDate.swift in Sources */,
				FA1B2A632236711300AC271D /* ChartLayerBase.swift in Sources */,
				FA1B2A542236711300AC271D /* ChartAxisValueDate.swift in Sources */,
				FA1B2A9D2236711300AC271D /* ChartTextUtils.swift in Sources */,
				FA1B2A4B2236711300AC271D /* CGPoint.swift in Sources */,
				FA1B2AAF2236711300AC271D /* CatmullPathGenerator.swift in Sources */,
				FA1B2A702236711300AC271D /* ChartShowCoordsLinesLayer.swift in Sources */,
				FA1B2A652236711300AC271D /* ChartPointsLineTrackerLayer.swift in Sources */,
				FA1B2AB62236711300AC271D /* Chart.swift in Sources */,
				FA1B28A82236625600AC271D /* Settings.swift in Sources */,
				FA1B2A842236711300AC271D /* ChartAxisXHighLayerDefault.swift in Sources */,
				FA1B2A502236711300AC271D /* BarsChart.swift in Sources */,
				FA1B2A662236711300AC271D /* ChartStackedBarsLayer.swift in Sources */,
				FA1B2A9A2236711300AC271D /* Operators.swift in Sources */,
				FA1B2ABB22367E6600AC271D /* ChrtViewPresenter.swift in Sources */,
				FA1B2A982236711300AC271D /* ChartNiceNumberCalculator.swift in Sources */,
				FA1B2A4C2236711300AC271D /* ChartCoordsSpace.swift in Sources */,
				FAE0427F2237CE28007F972E /* JSONParser.swift in Sources */,
				FA1B2AB82236711300AC271D /* Globals.swift in Sources */,
				FA1B2ABD2236800900AC271D /* ChartBuilder.swift in Sources */,
				FA1B2A522236711300AC271D /* NSDate.swift in Sources */,
				FA1B2AAE2236711300AC271D /* InfoBubble.swift in Sources */,
				FA1B2A872236711300AC271D /* ChartAxisValuesGeneratorNice.swift in Sources */,
				FA1B2A9E2236711300AC271D /* ChartViewSelectorBrightness.swift in Sources */,
				FA1B2AC3223690A800AC271D /* BaseViewController.swift in Sources */,
				FA1B2A712236711300AC271D /* ChartPointsTrackerLayer.swift in Sources */,
				FA1B27BB2235699800AC271D /* AppDelegate.swift in Sources */,
				FA1B2A5C2236711300AC271D /* ChartLabelDrawer.swift in Sources */,
				FA1B2A902236711300AC271D /* ChartAxisLabelsGeneratorFixed.swift in Sources */,
				FA1B2A492236711300AC271D /* ChartViewsConflictSolver.swift in Sources */,
				FA1B2A5B2236711300AC271D /* ChartDrawerFunctions.swift in Sources */,
				FA1B2A882236711300AC271D /* ChartAxisLayer.swift in Sources */,
				FA1B2A512236711300AC271D /* Array_String.swift in Sources */,
				FA1B2A722236711300AC271D /* ChartLayer.swift in Sources */,
				FA1B2AAB2236711300AC271D /* ChartCandleStickView.swift in Sources */,
				FA1B2A752236711300AC271D /* ChartPointsLayer.swift in Sources */,
				FA1B2A4A2236711300AC271D /* ChartLineModel.swift in Sources */,
				FA1B2AA72236711300AC271D /* ChartPointViewBar.swift in Sources */,
				FA1B2A572236711300AC271D /* ChartAxisValueString.swift in Sources */,
				FA1B2A952236711300AC271D /* ChartAxisY.swift in Sources */,
				FA1B2A7A2236711300AC271D /* ChartAxisLabelsGeneratorNumberSuffix.swift in Sources */,
				FA1B2A942236711300AC271D /* ChartAxisXLayerDefault.swift in Sources */,
				FA1B2A892236711300AC271D /* ChartAxisValuesGenerator.swift in Sources */,
				FA1B2A462236711300AC271D /* ChartPointCandleStick.swift in Sources */,
				FA1B2AB72236711300AC271D /* Optional.swift in Sources */,
				FA1B2A672236711300AC271D /* ChartPointsScatterLayer.swift in Sources */,
				FA1B2AB32236711300AC271D /* Pannable.swift in Sources */,
				FA1B2A8A2236711300AC271D /* ChartAxisLabelsConflictSolver.swift in Sources */,
				FA1B2AAA2236711300AC271D /* ChartPointViewBarStacked.swift in Sources */,
				FA1B2A832236711300AC271D /* ChartAxisValuesGeneratorXFixedNonOverlapping.swift in Sources */,
				FA1B2A582236711300AC271D /* ChartAxisValue.swift in Sources */,
				FA1B2AB52236711300AC271D /* String.swift in Sources */,
				FA1B2AAD2236711300AC271D /* ChartLinesView.swift in Sources */,
				FA1B2A8D2236711300AC271D /* ChartAxisX.swift in Sources */,
			);
			runOnlyForDeploymentPostprocessing = 0;
		};
/* End PBXSourcesBuildPhase section */

/* Begin PBXVariantGroup section */
		FA1B27BE2235699800AC271D /* Main.storyboard */ = {
			isa = PBXVariantGroup;
			children = (
				FA1B27BF2235699800AC271D /* Base */,
			);
			name = Main.storyboard;
			sourceTree = "<group>";
		};
		FA1B27C32235699C00AC271D /* LaunchScreen.storyboard */ = {
			isa = PBXVariantGroup;
			children = (
				FA1B27C42235699C00AC271D /* Base */,
			);
			name = LaunchScreen.storyboard;
			sourceTree = "<group>";
		};
		FA1B28B222366BE100AC271D /* Localizable.strings */ = {
			isa = PBXVariantGroup;
			children = (
				FA1B28B122366BE100AC271D /* en */,
			);
			name = Localizable.strings;
			sourceTree = "<group>";
		};
/* End PBXVariantGroup section */

/* Begin XCBuildConfiguration section */
		FA1B27C72235699C00AC271D /* Debug */ = {
			isa = XCBuildConfiguration;
			buildSettings = {
				ALWAYS_SEARCH_USER_PATHS = NO;
				CLANG_ANALYZER_NONNULL = YES;
				CLANG_ANALYZER_NUMBER_OBJECT_CONVERSION = YES_AGGRESSIVE;
				CLANG_CXX_LANGUAGE_STANDARD = "gnu++14";
				CLANG_CXX_LIBRARY = "libc++";
				CLANG_ENABLE_MODULES = YES;
				CLANG_ENABLE_OBJC_ARC = YES;
				CLANG_ENABLE_OBJC_WEAK = YES;
				CLANG_WARN_BLOCK_CAPTURE_AUTORELEASING = YES;
				CLANG_WARN_BOOL_CONVERSION = YES;
				CLANG_WARN_COMMA = YES;
				CLANG_WARN_CONSTANT_CONVERSION = YES;
				CLANG_WARN_DEPRECATED_OBJC_IMPLEMENTATIONS = YES;
				CLANG_WARN_DIRECT_OBJC_ISA_USAGE = YES_ERROR;
				CLANG_WARN_DOCUMENTATION_COMMENTS = YES;
				CLANG_WARN_EMPTY_BODY = YES;
				CLANG_WARN_ENUM_CONVERSION = YES;
				CLANG_WARN_INFINITE_RECURSION = YES;
				CLANG_WARN_INT_CONVERSION = YES;
				CLANG_WARN_NON_LITERAL_NULL_CONVERSION = YES;
				CLANG_WARN_OBJC_IMPLICIT_RETAIN_SELF = YES;
				CLANG_WARN_OBJC_LITERAL_CONVERSION = YES;
				CLANG_WARN_OBJC_ROOT_CLASS = YES_ERROR;
				CLANG_WARN_RANGE_LOOP_ANALYSIS = YES;
				CLANG_WARN_STRICT_PROTOTYPES = YES;
				CLANG_WARN_SUSPICIOUS_MOVE = YES;
				CLANG_WARN_UNGUARDED_AVAILABILITY = YES_AGGRESSIVE;
				CLANG_WARN_UNREACHABLE_CODE = YES;
				CLANG_WARN__DUPLICATE_METHOD_MATCH = YES;
				CODE_SIGN_IDENTITY = "iPhone Developer";
				COPY_PHASE_STRIP = NO;
				DEBUG_INFORMATION_FORMAT = dwarf;
				ENABLE_STRICT_OBJC_MSGSEND = YES;
				ENABLE_TESTABILITY = YES;
				GCC_C_LANGUAGE_STANDARD = gnu11;
				GCC_DYNAMIC_NO_PIC = NO;
				GCC_NO_COMMON_BLOCKS = YES;
				GCC_OPTIMIZATION_LEVEL = 0;
				GCC_PREPROCESSOR_DEFINITIONS = (
					"DEBUG=1",
					"$(inherited)",
				);
				GCC_WARN_64_TO_32_BIT_CONVERSION = YES;
				GCC_WARN_ABOUT_RETURN_TYPE = YES_ERROR;
				GCC_WARN_UNDECLARED_SELECTOR = YES;
				GCC_WARN_UNINITIALIZED_AUTOS = YES_AGGRESSIVE;
				GCC_WARN_UNUSED_FUNCTION = YES;
				GCC_WARN_UNUSED_VARIABLE = YES;
				IPHONEOS_DEPLOYMENT_TARGET = 12.1;
				MTL_ENABLE_DEBUG_INFO = INCLUDE_SOURCE;
				MTL_FAST_MATH = YES;
				ONLY_ACTIVE_ARCH = YES;
				SDKROOT = iphoneos;
				SWIFT_ACTIVE_COMPILATION_CONDITIONS = DEBUG;
				SWIFT_OPTIMIZATION_LEVEL = "-Onone";
			};
			name = Debug;
		};
		FA1B27C82235699C00AC271D /* Release */ = {
			isa = XCBuildConfiguration;
			buildSettings = {
				ALWAYS_SEARCH_USER_PATHS = NO;
				CLANG_ANALYZER_NONNULL = YES;
				CLANG_ANALYZER_NUMBER_OBJECT_CONVERSION = YES_AGGRESSIVE;
				CLANG_CXX_LANGUAGE_STANDARD = "gnu++14";
				CLANG_CXX_LIBRARY = "libc++";
				CLANG_ENABLE_MODULES = YES;
				CLANG_ENABLE_OBJC_ARC = YES;
				CLANG_ENABLE_OBJC_WEAK = YES;
				CLANG_WARN_BLOCK_CAPTURE_AUTORELEASING = YES;
				CLANG_WARN_BOOL_CONVERSION = YES;
				CLANG_WARN_COMMA = YES;
				CLANG_WARN_CONSTANT_CONVERSION = YES;
				CLANG_WARN_DEPRECATED_OBJC_IMPLEMENTATIONS = YES;
				CLANG_WARN_DIRECT_OBJC_ISA_USAGE = YES_ERROR;
				CLANG_WARN_DOCUMENTATION_COMMENTS = YES;
				CLANG_WARN_EMPTY_BODY = YES;
				CLANG_WARN_ENUM_CONVERSION = YES;
				CLANG_WARN_INFINITE_RECURSION = YES;
				CLANG_WARN_INT_CONVERSION = YES;
				CLANG_WARN_NON_LITERAL_NULL_CONVERSION = YES;
				CLANG_WARN_OBJC_IMPLICIT_RETAIN_SELF = YES;
				CLANG_WARN_OBJC_LITERAL_CONVERSION = YES;
				CLANG_WARN_OBJC_ROOT_CLASS = YES_ERROR;
				CLANG_WARN_RANGE_LOOP_ANALYSIS = YES;
				CLANG_WARN_STRICT_PROTOTYPES = YES;
				CLANG_WARN_SUSPICIOUS_MOVE = YES;
				CLANG_WARN_UNGUARDED_AVAILABILITY = YES_AGGRESSIVE;
				CLANG_WARN_UNREACHABLE_CODE = YES;
				CLANG_WARN__DUPLICATE_METHOD_MATCH = YES;
				CODE_SIGN_IDENTITY = "iPhone Developer";
				COPY_PHASE_STRIP = NO;
				DEBUG_INFORMATION_FORMAT = "dwarf-with-dsym";
				ENABLE_NS_ASSERTIONS = NO;
				ENABLE_STRICT_OBJC_MSGSEND = YES;
				GCC_C_LANGUAGE_STANDARD = gnu11;
				GCC_NO_COMMON_BLOCKS = YES;
				GCC_WARN_64_TO_32_BIT_CONVERSION = YES;
				GCC_WARN_ABOUT_RETURN_TYPE = YES_ERROR;
				GCC_WARN_UNDECLARED_SELECTOR = YES;
				GCC_WARN_UNINITIALIZED_AUTOS = YES_AGGRESSIVE;
				GCC_WARN_UNUSED_FUNCTION = YES;
				GCC_WARN_UNUSED_VARIABLE = YES;
				IPHONEOS_DEPLOYMENT_TARGET = 12.1;
				MTL_ENABLE_DEBUG_INFO = NO;
				MTL_FAST_MATH = YES;
				SDKROOT = iphoneos;
				SWIFT_COMPILATION_MODE = wholemodule;
				SWIFT_OPTIMIZATION_LEVEL = "-O";
				VALIDATE_PRODUCT = YES;
			};
			name = Release;
		};
		FA1B27CA2235699C00AC271D /* Debug */ = {
			isa = XCBuildConfiguration;
			buildSettings = {
				ASSETCATALOG_COMPILER_APPICON_NAME = AppIcon;
				CODE_SIGN_STYLE = Automatic;
				DEVELOPMENT_TEAM = XC4GERY65Y;
				INFOPLIST_FILE = TelegramChart/Info.plist;
				LD_RUNPATH_SEARCH_PATHS = (
					"$(inherited)",
					"@executable_path/Frameworks",
				);
				PRODUCT_BUNDLE_IDENTIFIER = com.autoxloo.ARTest.TelegramChart;
				PRODUCT_NAME = "$(TARGET_NAME)";
				SWIFT_VERSION = 4.2;
				TARGETED_DEVICE_FAMILY = "1,2";
			};
			name = Debug;
		};
		FA1B27CB2235699C00AC271D /* Release */ = {
			isa = XCBuildConfiguration;
			buildSettings = {
				ASSETCATALOG_COMPILER_APPICON_NAME = AppIcon;
				CODE_SIGN_STYLE = Automatic;
				DEVELOPMENT_TEAM = XC4GERY65Y;
				INFOPLIST_FILE = TelegramChart/Info.plist;
				LD_RUNPATH_SEARCH_PATHS = (
					"$(inherited)",
					"@executable_path/Frameworks",
				);
				PRODUCT_BUNDLE_IDENTIFIER = com.autoxloo.ARTest.TelegramChart;
				PRODUCT_NAME = "$(TARGET_NAME)";
				SWIFT_VERSION = 4.2;
				TARGETED_DEVICE_FAMILY = "1,2";
			};
			name = Release;
		};
/* End XCBuildConfiguration section */

/* Begin XCConfigurationList section */
		FA1B27B22235699800AC271D /* Build configuration list for PBXProject "TelegramChart" */ = {
			isa = XCConfigurationList;
			buildConfigurations = (
				FA1B27C72235699C00AC271D /* Debug */,
				FA1B27C82235699C00AC271D /* Release */,
			);
			defaultConfigurationIsVisible = 0;
			defaultConfigurationName = Release;
		};
		FA1B27C92235699C00AC271D /* Build configuration list for PBXNativeTarget "TelegramChart" */ = {
			isa = XCConfigurationList;
			buildConfigurations = (
				FA1B27CA2235699C00AC271D /* Debug */,
				FA1B27CB2235699C00AC271D /* Release */,
			);
			defaultConfigurationIsVisible = 0;
			defaultConfigurationName = Release;
		};
/* End XCConfigurationList section */
	};
	rootObject = FA1B27AF2235699800AC271D /* Project object */;
}
