// !$*UTF8*$!
{
	archiveVersion = 1;
	classes = {
	};
	objectVersion = 50;
	objects = {

/* Begin PBXBuildFile section */
		FA026830223900EB009238E6 /* ChartDataSourse.swift in Sources */ = {isa = PBXBuildFile; fileRef = FA02682F223900EB009238E6 /* ChartDataSourse.swift */; };
		FA02683222391FD5009238E6 /* Date+Extension.swift in Sources */ = {isa = PBXBuildFile; fileRef = FA02683122391FD5009238E6 /* Date+Extension.swift */; };
		FA02683E22392A47009238E6 /* ChannelView.xib in Resources */ = {isa = PBXBuildFile; fileRef = FA02683C22392A47009238E6 /* ChannelView.xib */; };
		FA02683F22392A47009238E6 /* ChannelView.swift in Sources */ = {isa = PBXBuildFile; fileRef = FA02683D22392A47009238E6 /* ChannelView.swift */; };
		FA1B27BB2235699800AC271D /* AppDelegate.swift in Sources */ = {isa = PBXBuildFile; fileRef = FA1B27BA2235699800AC271D /* AppDelegate.swift */; };
		FA1B27BD2235699800AC271D /* ChartViewController.swift in Sources */ = {isa = PBXBuildFile; fileRef = FA1B27BC2235699800AC271D /* ChartViewController.swift */; };
		FA1B27C02235699800AC271D /* Main.storyboard in Resources */ = {isa = PBXBuildFile; fileRef = FA1B27BE2235699800AC271D /* Main.storyboard */; };
		FA1B27C22235699C00AC271D /* Assets.xcassets in Resources */ = {isa = PBXBuildFile; fileRef = FA1B27C12235699C00AC271D /* Assets.xcassets */; };
		FA1B27C52235699C00AC271D /* LaunchScreen.storyboard in Resources */ = {isa = PBXBuildFile; fileRef = FA1B27C32235699C00AC271D /* LaunchScreen.storyboard */; };
		FA1B28A4223661F300AC271D /* TButton.swift in Sources */ = {isa = PBXBuildFile; fileRef = FA1B28A3223661F300AC271D /* TButton.swift */; };
		FA1B28A82236625600AC271D /* Settings.swift in Sources */ = {isa = PBXBuildFile; fileRef = FA1B28A72236625600AC271D /* Settings.swift */; };
		FA1B28AA2236656A00AC271D /* TLabel.swift in Sources */ = {isa = PBXBuildFile; fileRef = FA1B28A92236656A00AC271D /* TLabel.swift */; };
		FA1B28AC2236658E00AC271D /* TView.swift in Sources */ = {isa = PBXBuildFile; fileRef = FA1B28AB2236658E00AC271D /* TView.swift */; };
		FA1B28B022366BE100AC271D /* Localizable.strings in Resources */ = {isa = PBXBuildFile; fileRef = FA1B28B222366BE100AC271D /* Localizable.strings */; };
		FA1B2ABB22367E6600AC271D /* ChartViewPresenter.swift in Sources */ = {isa = PBXBuildFile; fileRef = FA1B2ABA22367E6600AC271D /* ChartViewPresenter.swift */; };
		FA1B2AC3223690A800AC271D /* BaseViewController.swift in Sources */ = {isa = PBXBuildFile; fileRef = FA1B2AC2223690A800AC271D /* BaseViewController.swift */; };
		FA1B2AC622369A2D00AC271D /* ThemeProtocol.swift in Sources */ = {isa = PBXBuildFile; fileRef = FA1B2AC522369A2D00AC271D /* ThemeProtocol.swift */; };
		FA1B2AC92236A58000AC271D /* chart_data.json in Resources */ = {isa = PBXBuildFile; fileRef = FA1B2AC82236A57F00AC271D /* chart_data.json */; };
		FA1B2ACF2236A66A00AC271D /* Constants.swift in Sources */ = {isa = PBXBuildFile; fileRef = FA1B2ACE2236A66A00AC271D /* Constants.swift */; };
		FA478901224517940090AACF /* InfoView.swift in Sources */ = {isa = PBXBuildFile; fileRef = FA478900224517940090AACF /* InfoView.swift */; };
		FA478903224518D20090AACF /* InfoView.xib in Resources */ = {isa = PBXBuildFile; fileRef = FA478902224518D20090AACF /* InfoView.xib */; };
		FA478906224595650090AACF /* CALayer+Extension.swift in Sources */ = {isa = PBXBuildFile; fileRef = FA478905224595650090AACF /* CALayer+Extension.swift */; };
		FA6F693D224029F900A92988 /* RangeSelectorView.xib in Resources */ = {isa = PBXBuildFile; fileRef = FA6F693B224029F900A92988 /* RangeSelectorView.xib */; };
		FA6F693E224029F900A92988 /* RangeSelectorView.swift in Sources */ = {isa = PBXBuildFile; fileRef = FA6F693C224029F900A92988 /* RangeSelectorView.swift */; };
		FAC2FBE3223F2E6E00B66347 /* Chart.swift in Sources */ = {isa = PBXBuildFile; fileRef = FAC2FBE2223F2E6E00B66347 /* Chart.swift */; };
		FAE0427F2237CE28007F972E /* JSONParser.swift in Sources */ = {isa = PBXBuildFile; fileRef = FAE0427E2237CE28007F972E /* JSONParser.swift */; };
		FAE042832237D42A007F972E /* PreparingChartData.swift in Sources */ = {isa = PBXBuildFile; fileRef = FAE042822237D42A007F972E /* PreparingChartData.swift */; };
		FAE0428522385063007F972E /* String+Extension.swift in Sources */ = {isa = PBXBuildFile; fileRef = FAE0428422385063007F972E /* String+Extension.swift */; };
/* End PBXBuildFile section */

/* Begin PBXFileReference section */
		FA02682F223900EB009238E6 /* ChartDataSourse.swift */ = {isa = PBXFileReference; lastKnownFileType = sourcecode.swift; path = ChartDataSourse.swift; sourceTree = "<group>"; };
		FA02683122391FD5009238E6 /* Date+Extension.swift */ = {isa = PBXFileReference; lastKnownFileType = sourcecode.swift; path = "Date+Extension.swift"; sourceTree = "<group>"; };
		FA02683C22392A47009238E6 /* ChannelView.xib */ = {isa = PBXFileReference; fileEncoding = 4; lastKnownFileType = file.xib; path = ChannelView.xib; sourceTree = "<group>"; };
		FA02683D22392A47009238E6 /* ChannelView.swift */ = {isa = PBXFileReference; fileEncoding = 4; lastKnownFileType = sourcecode.swift; path = ChannelView.swift; sourceTree = "<group>"; };
		FA1B27B72235699800AC271D /* TelegramChart.app */ = {isa = PBXFileReference; explicitFileType = wrapper.application; includeInIndex = 0; path = TelegramChart.app; sourceTree = BUILT_PRODUCTS_DIR; };
		FA1B27BA2235699800AC271D /* AppDelegate.swift */ = {isa = PBXFileReference; lastKnownFileType = sourcecode.swift; path = AppDelegate.swift; sourceTree = "<group>"; };
		FA1B27BC2235699800AC271D /* ChartViewController.swift */ = {isa = PBXFileReference; lastKnownFileType = sourcecode.swift; path = ChartViewController.swift; sourceTree = "<group>"; };
		FA1B27BF2235699800AC271D /* Base */ = {isa = PBXFileReference; lastKnownFileType = file.storyboard; name = Base; path = Base.lproj/Main.storyboard; sourceTree = "<group>"; };
		FA1B27C12235699C00AC271D /* Assets.xcassets */ = {isa = PBXFileReference; lastKnownFileType = folder.assetcatalog; path = Assets.xcassets; sourceTree = "<group>"; };
		FA1B27C42235699C00AC271D /* Base */ = {isa = PBXFileReference; lastKnownFileType = file.storyboard; name = Base; path = Base.lproj/LaunchScreen.storyboard; sourceTree = "<group>"; };
		FA1B27C62235699C00AC271D /* Info.plist */ = {isa = PBXFileReference; lastKnownFileType = text.plist.xml; path = Info.plist; sourceTree = "<group>"; };
		FA1B28A3223661F300AC271D /* TButton.swift */ = {isa = PBXFileReference; lastKnownFileType = sourcecode.swift; path = TButton.swift; sourceTree = "<group>"; };
		FA1B28A72236625600AC271D /* Settings.swift */ = {isa = PBXFileReference; lastKnownFileType = sourcecode.swift; path = Settings.swift; sourceTree = "<group>"; };
		FA1B28A92236656A00AC271D /* TLabel.swift */ = {isa = PBXFileReference; lastKnownFileType = sourcecode.swift; path = TLabel.swift; sourceTree = "<group>"; };
		FA1B28AB2236658E00AC271D /* TView.swift */ = {isa = PBXFileReference; lastKnownFileType = sourcecode.swift; path = TView.swift; sourceTree = "<group>"; };
		FA1B28B122366BE100AC271D /* en */ = {isa = PBXFileReference; lastKnownFileType = text.plist.strings; name = en; path = en.lproj/Localizable.strings; sourceTree = "<group>"; };
		FA1B2ABA22367E6600AC271D /* ChartViewPresenter.swift */ = {isa = PBXFileReference; lastKnownFileType = sourcecode.swift; path = ChartViewPresenter.swift; sourceTree = "<group>"; };
		FA1B2AC2223690A800AC271D /* BaseViewController.swift */ = {isa = PBXFileReference; lastKnownFileType = sourcecode.swift; path = BaseViewController.swift; sourceTree = "<group>"; };
		FA1B2AC522369A2D00AC271D /* ThemeProtocol.swift */ = {isa = PBXFileReference; lastKnownFileType = sourcecode.swift; path = ThemeProtocol.swift; sourceTree = "<group>"; };
		FA1B2AC82236A57F00AC271D /* chart_data.json */ = {isa = PBXFileReference; fileEncoding = 4; lastKnownFileType = text.json; path = chart_data.json; sourceTree = "<group>"; };
		FA1B2ACE2236A66A00AC271D /* Constants.swift */ = {isa = PBXFileReference; lastKnownFileType = sourcecode.swift; path = Constants.swift; sourceTree = "<group>"; };
		FA478900224517940090AACF /* InfoView.swift */ = {isa = PBXFileReference; lastKnownFileType = sourcecode.swift; path = InfoView.swift; sourceTree = "<group>"; };
		FA478902224518D20090AACF /* InfoView.xib */ = {isa = PBXFileReference; lastKnownFileType = file.xib; path = InfoView.xib; sourceTree = "<group>"; };
		FA478905224595650090AACF /* CALayer+Extension.swift */ = {isa = PBXFileReference; lastKnownFileType = sourcecode.swift; path = "CALayer+Extension.swift"; sourceTree = "<group>"; };
		FA6F693B224029F900A92988 /* RangeSelectorView.xib */ = {isa = PBXFileReference; fileEncoding = 4; lastKnownFileType = file.xib; path = RangeSelectorView.xib; sourceTree = "<group>"; };
		FA6F693C224029F900A92988 /* RangeSelectorView.swift */ = {isa = PBXFileReference; fileEncoding = 4; lastKnownFileType = sourcecode.swift; path = RangeSelectorView.swift; sourceTree = "<group>"; };
		FAC2FBE2223F2E6E00B66347 /* Chart.swift */ = {isa = PBXFileReference; fileEncoding = 4; lastKnownFileType = sourcecode.swift; path = Chart.swift; sourceTree = "<group>"; };
		FAE0427E2237CE28007F972E /* JSONParser.swift */ = {isa = PBXFileReference; lastKnownFileType = sourcecode.swift; path = JSONParser.swift; sourceTree = "<group>"; };
		FAE042822237D42A007F972E /* PreparingChartData.swift */ = {isa = PBXFileReference; lastKnownFileType = sourcecode.swift; path = PreparingChartData.swift; sourceTree = "<group>"; };
		FAE0428422385063007F972E /* String+Extension.swift */ = {isa = PBXFileReference; lastKnownFileType = sourcecode.swift; path = "String+Extension.swift"; sourceTree = "<group>"; };
/* End PBXFileReference section */

/* Begin PBXFrameworksBuildPhase section */
		FA1B27B42235699800AC271D /* Frameworks */ = {
			isa = PBXFrameworksBuildPhase;
			buildActionMask = 2147483647;
			files = (
			);
			runOnlyForDeploymentPostprocessing = 0;
		};
/* End PBXFrameworksBuildPhase section */

/* Begin PBXGroup section */
		FA02683322392559009238E6 /* ChannelView */ = {
			isa = PBXGroup;
			children = (
				FA02683C22392A47009238E6 /* ChannelView.xib */,
				FA02683D22392A47009238E6 /* ChannelView.swift */,
			);
			path = ChannelView;
			sourceTree = "<group>";
		};
		FA1B27AE2235699800AC271D = {
			isa = PBXGroup;
			children = (
				FA1B27B92235699800AC271D /* TelegramChart */,
				FA1B27B82235699800AC271D /* Products */,
			);
			sourceTree = "<group>";
		};
		FA1B27B82235699800AC271D /* Products */ = {
			isa = PBXGroup;
			children = (
				FA1B27B72235699800AC271D /* TelegramChart.app */,
			);
			name = Products;
			sourceTree = "<group>";
		};
		FA1B27B92235699800AC271D /* TelegramChart */ = {
			isa = PBXGroup;
			children = (
				FAE042802237D409007F972E /* Models */,
				FA1B2ACD2236A65B00AC271D /* Common */,
				FA1B2ACA2236A62F00AC271D /* Extensions */,
				FA1B2AC422369A0900AC271D /* Protocols */,
				FA1B28A52236623D00AC271D /* Managers */,
				FA1B27CF22356A5200AC271D /* UI */,
				FA1B27CD22356A0D00AC271D /* Resources */,
				FA1B27CC223569F600AC271D /* Application */,
				FA1B27C62235699C00AC271D /* Info.plist */,
			);
			path = TelegramChart;
			sourceTree = "<group>";
		};
		FA1B27CC223569F600AC271D /* Application */ = {
			isa = PBXGroup;
			children = (
				FA1B27BA2235699800AC271D /* AppDelegate.swift */,
			);
			path = Application;
			sourceTree = "<group>";
		};
		FA1B27CD22356A0D00AC271D /* Resources */ = {
			isa = PBXGroup;
			children = (
				FA1B2AC72236A56700AC271D /* ChartData */,
				FA1B28AD22366BA300AC271D /* Localizations */,
				FA1B27CE22356A2100AC271D /* Storyboards */,
				FA1B27C12235699C00AC271D /* Assets.xcassets */,
			);
			path = Resources;
			sourceTree = "<group>";
		};
		FA1B27CE22356A2100AC271D /* Storyboards */ = {
			isa = PBXGroup;
			children = (
				FA1B27BE2235699800AC271D /* Main.storyboard */,
				FA1B27C32235699C00AC271D /* LaunchScreen.storyboard */,
			);
			path = Storyboards;
			sourceTree = "<group>";
		};
		FA1B27CF22356A5200AC271D /* UI */ = {
			isa = PBXGroup;
			children = (
				FA1B289E2236611000AC271D /* Controls */,
				FA1B289D223656FF00AC271D /* Controllers */,
			);
			path = UI;
			sourceTree = "<group>";
		};
		FA1B289D223656FF00AC271D /* Controllers */ = {
			isa = PBXGroup;
			children = (
				FA1B2AC12236909300AC271D /* BaseViewController */,
				FA1B2AB922367E3B00AC271D /* ChartViewController */,
			);
			path = Controllers;
			sourceTree = "<group>";
		};
		FA1B289E2236611000AC271D /* Controls */ = {
			isa = PBXGroup;
			children = (
				FA4788FF224516FD0090AACF /* InfoView */,
				FA02683322392559009238E6 /* ChannelView */,
				FAC2FBDD223F2E5100B66347 /* RangeSelector */,
				FAC2FBDC223F2E3D00B66347 /* Chart */,
				FA1B28A1223661C300AC271D /* Label */,
				FA1B28A0223661BD00AC271D /* View */,
				FA1B289F2236613C00AC271D /* Button */,
			);
			path = Controls;
			sourceTree = "<group>";
		};
		FA1B289F2236613C00AC271D /* Button */ = {
			isa = PBXGroup;
			children = (
				FA1B28A3223661F300AC271D /* TButton.swift */,
			);
			path = Button;
			sourceTree = "<group>";
		};
		FA1B28A0223661BD00AC271D /* View */ = {
			isa = PBXGroup;
			children = (
				FA1B28AB2236658E00AC271D /* TView.swift */,
			);
			path = View;
			sourceTree = "<group>";
		};
		FA1B28A1223661C300AC271D /* Label */ = {
			isa = PBXGroup;
			children = (
				FA1B28A92236656A00AC271D /* TLabel.swift */,
			);
			path = Label;
			sourceTree = "<group>";
		};
		FA1B28A52236623D00AC271D /* Managers */ = {
			isa = PBXGroup;
			children = (
				FA1B28A72236625600AC271D /* Settings.swift */,
			);
			path = Managers;
			sourceTree = "<group>";
		};
		FA1B28AD22366BA300AC271D /* Localizations */ = {
			isa = PBXGroup;
			children = (
				FA1B28B222366BE100AC271D /* Localizable.strings */,
			);
			path = Localizations;
			sourceTree = "<group>";
		};
		FA1B2AB922367E3B00AC271D /* ChartViewController */ = {
			isa = PBXGroup;
			children = (
				FA1B27BC2235699800AC271D /* ChartViewController.swift */,
				FA1B2ABA22367E6600AC271D /* ChartViewPresenter.swift */,
			);
			path = ChartViewController;
			sourceTree = "<group>";
		};
		FA1B2AC12236909300AC271D /* BaseViewController */ = {
			isa = PBXGroup;
			children = (
				FA1B2AC2223690A800AC271D /* BaseViewController.swift */,
			);
			path = BaseViewController;
			sourceTree = "<group>";
		};
		FA1B2AC422369A0900AC271D /* Protocols */ = {
			isa = PBXGroup;
			children = (
				FA1B2AC522369A2D00AC271D /* ThemeProtocol.swift */,
			);
			path = Protocols;
			sourceTree = "<group>";
		};
		FA1B2AC72236A56700AC271D /* ChartData */ = {
			isa = PBXGroup;
			children = (
				FA1B2AC82236A57F00AC271D /* chart_data.json */,
			);
			path = ChartData;
			sourceTree = "<group>";
		};
		FA1B2ACA2236A62F00AC271D /* Extensions */ = {
			isa = PBXGroup;
			children = (
				FA478905224595650090AACF /* CALayer+Extension.swift */,
				FAE0428422385063007F972E /* String+Extension.swift */,
				FA02683122391FD5009238E6 /* Date+Extension.swift */,
			);
			path = Extensions;
			sourceTree = "<group>";
		};
		FA1B2ACD2236A65B00AC271D /* Common */ = {
			isa = PBXGroup;
			children = (
				FAE0427E2237CE28007F972E /* JSONParser.swift */,
				FA1B2ACE2236A66A00AC271D /* Constants.swift */,
			);
			path = Common;
			sourceTree = "<group>";
		};
		FA4788FF224516FD0090AACF /* InfoView */ = {
			isa = PBXGroup;
			children = (
				FA478900224517940090AACF /* InfoView.swift */,
				FA478902224518D20090AACF /* InfoView.xib */,
			);
			path = InfoView;
			sourceTree = "<group>";
		};
		FAC2FBDC223F2E3D00B66347 /* Chart */ = {
			isa = PBXGroup;
			children = (
				FAC2FBE2223F2E6E00B66347 /* Chart.swift */,
			);
			path = Chart;
			sourceTree = "<group>";
		};
		FAC2FBDD223F2E5100B66347 /* RangeSelector */ = {
			isa = PBXGroup;
			children = (
				FA6F693C224029F900A92988 /* RangeSelectorView.swift */,
				FA6F693B224029F900A92988 /* RangeSelectorView.xib */,
			);
			path = RangeSelector;
			sourceTree = "<group>";
		};
		FAE042802237D409007F972E /* Models */ = {
			isa = PBXGroup;
			children = (
				FAE042812237D40F007F972E /* ChartData */,
			);
			path = Models;
			sourceTree = "<group>";
		};
		FAE042812237D40F007F972E /* ChartData */ = {
			isa = PBXGroup;
			children = (
				FAE042822237D42A007F972E /* PreparingChartData.swift */,
				FA02682F223900EB009238E6 /* ChartDataSourse.swift */,
			);
			path = ChartData;
			sourceTree = "<group>";
		};
/* End PBXGroup section */

/* Begin PBXNativeTarget section */
		FA1B27B62235699800AC271D /* TelegramChart */ = {
			isa = PBXNativeTarget;
			buildConfigurationList = FA1B27C92235699C00AC271D /* Build configuration list for PBXNativeTarget "TelegramChart" */;
			buildPhases = (
				FA1B27B32235699800AC271D /* Sources */,
				FA1B27B42235699800AC271D /* Frameworks */,
				FA1B27B52235699800AC271D /* Resources */,
			);
			buildRules = (
			);
			dependencies = (
			);
			name = TelegramChart;
			productName = TelegramChart;
			productReference = FA1B27B72235699800AC271D /* TelegramChart.app */;
			productType = "com.apple.product-type.application";
		};
/* End PBXNativeTarget section */

/* Begin PBXProject section */
		FA1B27AF2235699800AC271D /* Project object */ = {
			isa = PBXProject;
			attributes = {
				LastSwiftUpdateCheck = 1010;
				LastUpgradeCheck = 1010;
				ORGANIZATIONNAME = DmitriyPuchka;
				TargetAttributes = {
					FA1B27B62235699800AC271D = {
						CreatedOnToolsVersion = 10.1;
					};
				};
			};
			buildConfigurationList = FA1B27B22235699800AC271D /* Build configuration list for PBXProject "TelegramChart" */;
			compatibilityVersion = "Xcode 9.3";
			developmentRegion = en;
			hasScannedForEncodings = 0;
			knownRegions = (
				en,
				Base,
			);
			mainGroup = FA1B27AE2235699800AC271D;
			productRefGroup = FA1B27B82235699800AC271D /* Products */;
			projectDirPath = "";
			projectRoot = "";
			targets = (
				FA1B27B62235699800AC271D /* TelegramChart */,
			);
		};
/* End PBXProject section */

/* Begin PBXResourcesBuildPhase section */
		FA1B27B52235699800AC271D /* Resources */ = {
			isa = PBXResourcesBuildPhase;
			buildActionMask = 2147483647;
			files = (
				FA02683E22392A47009238E6 /* ChannelView.xib in Resources */,
				FA1B2AC92236A58000AC271D /* chart_data.json in Resources */,
				FA1B27C52235699C00AC271D /* LaunchScreen.storyboard in Resources */,
				FA1B28B022366BE100AC271D /* Localizable.strings in Resources */,
				FA478903224518D20090AACF /* InfoView.xib in Resources */,
				FA1B27C22235699C00AC271D /* Assets.xcassets in Resources */,
				FA6F693D224029F900A92988 /* RangeSelectorView.xib in Resources */,
				FA1B27C02235699800AC271D /* Main.storyboard in Resources */,
			);
			runOnlyForDeploymentPostprocessing = 0;
		};
/* End PBXResourcesBuildPhase section */

/* Begin PBXSourcesBuildPhase section */
		FA1B27B32235699800AC271D /* Sources */ = {
			isa = PBXSourcesBuildPhase;
			buildActionMask = 2147483647;
			files = (
				FAE0428522385063007F972E /* String+Extension.swift in Sources */,
				FA1B28A4223661F300AC271D /* TButton.swift in Sources */,
				FAC2FBE3223F2E6E00B66347 /* Chart.swift in Sources */,
				FA1B28AC2236658E00AC271D /* TView.swift in Sources */,
				FAE042832237D42A007F972E /* PreparingChartData.swift in Sources */,
				FA1B2AC622369A2D00AC271D /* ThemeProtocol.swift in Sources */,
				FA478901224517940090AACF /* InfoView.swift in Sources */,
				FA1B28AA2236656A00AC271D /* TLabel.swift in Sources */,
				FA1B2ACF2236A66A00AC271D /* Constants.swift in Sources */,
				FA02683F22392A47009238E6 /* ChannelView.swift in Sources */,
				FA026830223900EB009238E6 /* ChartDataSourse.swift in Sources */,
				FA1B27BD2235699800AC271D /* ChartViewController.swift in Sources */,
				FA6F693E224029F900A92988 /* RangeSelectorView.swift in Sources */,
				FA1B28A82236625600AC271D /* Settings.swift in Sources */,
				FA02683222391FD5009238E6 /* Date+Extension.swift in Sources */,
				FA1B2ABB22367E6600AC271D /* ChartViewPresenter.swift in Sources */,
				FAE0427F2237CE28007F972E /* JSONParser.swift in Sources */,
				FA1B2AC3223690A800AC271D /* BaseViewController.swift in Sources */,
				FA478906224595650090AACF /* CALayer+Extension.swift in Sources */,
				FA1B27BB2235699800AC271D /* AppDelegate.swift in Sources */,
			);
			runOnlyForDeploymentPostprocessing = 0;
		};
/* End PBXSourcesBuildPhase section */

/* Begin PBXVariantGroup section */
		FA1B27BE2235699800AC271D /* Main.storyboard */ = {
			isa = PBXVariantGroup;
			children = (
				FA1B27BF2235699800AC271D /* Base */,
			);
			name = Main.storyboard;
			sourceTree = "<group>";
		};
		FA1B27C32235699C00AC271D /* LaunchScreen.storyboard */ = {
			isa = PBXVariantGroup;
			children = (
				FA1B27C42235699C00AC271D /* Base */,
			);
			name = LaunchScreen.storyboard;
			sourceTree = "<group>";
		};
		FA1B28B222366BE100AC271D /* Localizable.strings */ = {
			isa = PBXVariantGroup;
			children = (
				FA1B28B122366BE100AC271D /* en */,
			);
			name = Localizable.strings;
			sourceTree = "<group>";
		};
/* End PBXVariantGroup section */

/* Begin XCBuildConfiguration section */
		FA1B27C72235699C00AC271D /* Debug */ = {
			isa = XCBuildConfiguration;
			buildSettings = {
				ALWAYS_SEARCH_USER_PATHS = NO;
				CLANG_ANALYZER_NONNULL = YES;
				CLANG_ANALYZER_NUMBER_OBJECT_CONVERSION = YES_AGGRESSIVE;
				CLANG_CXX_LANGUAGE_STANDARD = "gnu++14";
				CLANG_CXX_LIBRARY = "libc++";
				CLANG_ENABLE_MODULES = YES;
				CLANG_ENABLE_OBJC_ARC = YES;
				CLANG_ENABLE_OBJC_WEAK = YES;
				CLANG_WARN_BLOCK_CAPTURE_AUTORELEASING = YES;
				CLANG_WARN_BOOL_CONVERSION = YES;
				CLANG_WARN_COMMA = YES;
				CLANG_WARN_CONSTANT_CONVERSION = YES;
				CLANG_WARN_DEPRECATED_OBJC_IMPLEMENTATIONS = YES;
				CLANG_WARN_DIRECT_OBJC_ISA_USAGE = YES_ERROR;
				CLANG_WARN_DOCUMENTATION_COMMENTS = YES;
				CLANG_WARN_EMPTY_BODY = YES;
				CLANG_WARN_ENUM_CONVERSION = YES;
				CLANG_WARN_INFINITE_RECURSION = YES;
				CLANG_WARN_INT_CONVERSION = YES;
				CLANG_WARN_NON_LITERAL_NULL_CONVERSION = YES;
				CLANG_WARN_OBJC_IMPLICIT_RETAIN_SELF = YES;
				CLANG_WARN_OBJC_LITERAL_CONVERSION = YES;
				CLANG_WARN_OBJC_ROOT_CLASS = YES_ERROR;
				CLANG_WARN_RANGE_LOOP_ANALYSIS = YES;
				CLANG_WARN_STRICT_PROTOTYPES = YES;
				CLANG_WARN_SUSPICIOUS_MOVE = YES;
				CLANG_WARN_UNGUARDED_AVAILABILITY = YES_AGGRESSIVE;
				CLANG_WARN_UNREACHABLE_CODE = YES;
				CLANG_WARN__DUPLICATE_METHOD_MATCH = YES;
				CODE_SIGN_IDENTITY = "iPhone Developer";
				COPY_PHASE_STRIP = NO;
				DEBUG_INFORMATION_FORMAT = dwarf;
				ENABLE_STRICT_OBJC_MSGSEND = YES;
				ENABLE_TESTABILITY = YES;
				GCC_C_LANGUAGE_STANDARD = gnu11;
				GCC_DYNAMIC_NO_PIC = NO;
				GCC_NO_COMMON_BLOCKS = YES;
				GCC_OPTIMIZATION_LEVEL = 0;
				GCC_PREPROCESSOR_DEFINITIONS = (
					"DEBUG=1",
					"$(inherited)",
				);
				GCC_WARN_64_TO_32_BIT_CONVERSION = YES;
				GCC_WARN_ABOUT_RETURN_TYPE = YES_ERROR;
				GCC_WARN_UNDECLARED_SELECTOR = YES;
				GCC_WARN_UNINITIALIZED_AUTOS = YES_AGGRESSIVE;
				GCC_WARN_UNUSED_FUNCTION = YES;
				GCC_WARN_UNUSED_VARIABLE = YES;
				IPHONEOS_DEPLOYMENT_TARGET = 12.1;
				MTL_ENABLE_DEBUG_INFO = INCLUDE_SOURCE;
				MTL_FAST_MATH = YES;
				ONLY_ACTIVE_ARCH = YES;
				SDKROOT = iphoneos;
				SWIFT_ACTIVE_COMPILATION_CONDITIONS = DEBUG;
				SWIFT_OPTIMIZATION_LEVEL = "-Onone";
			};
			name = Debug;
		};
		FA1B27C82235699C00AC271D /* Release */ = {
			isa = XCBuildConfiguration;
			buildSettings = {
				ALWAYS_SEARCH_USER_PATHS = NO;
				CLANG_ANALYZER_NONNULL = YES;
				CLANG_ANALYZER_NUMBER_OBJECT_CONVERSION = YES_AGGRESSIVE;
				CLANG_CXX_LANGUAGE_STANDARD = "gnu++14";
				CLANG_CXX_LIBRARY = "libc++";
				CLANG_ENABLE_MODULES = YES;
				CLANG_ENABLE_OBJC_ARC = YES;
				CLANG_ENABLE_OBJC_WEAK = YES;
				CLANG_WARN_BLOCK_CAPTURE_AUTORELEASING = YES;
				CLANG_WARN_BOOL_CONVERSION = YES;
				CLANG_WARN_COMMA = YES;
				CLANG_WARN_CONSTANT_CONVERSION = YES;
				CLANG_WARN_DEPRECATED_OBJC_IMPLEMENTATIONS = YES;
				CLANG_WARN_DIRECT_OBJC_ISA_USAGE = YES_ERROR;
				CLANG_WARN_DOCUMENTATION_COMMENTS = YES;
				CLANG_WARN_EMPTY_BODY = YES;
				CLANG_WARN_ENUM_CONVERSION = YES;
				CLANG_WARN_INFINITE_RECURSION = YES;
				CLANG_WARN_INT_CONVERSION = YES;
				CLANG_WARN_NON_LITERAL_NULL_CONVERSION = YES;
				CLANG_WARN_OBJC_IMPLICIT_RETAIN_SELF = YES;
				CLANG_WARN_OBJC_LITERAL_CONVERSION = YES;
				CLANG_WARN_OBJC_ROOT_CLASS = YES_ERROR;
				CLANG_WARN_RANGE_LOOP_ANALYSIS = YES;
				CLANG_WARN_STRICT_PROTOTYPES = YES;
				CLANG_WARN_SUSPICIOUS_MOVE = YES;
				CLANG_WARN_UNGUARDED_AVAILABILITY = YES_AGGRESSIVE;
				CLANG_WARN_UNREACHABLE_CODE = YES;
				CLANG_WARN__DUPLICATE_METHOD_MATCH = YES;
				CODE_SIGN_IDENTITY = "iPhone Developer";
				COPY_PHASE_STRIP = NO;
				DEBUG_INFORMATION_FORMAT = "dwarf-with-dsym";
				ENABLE_NS_ASSERTIONS = NO;
				ENABLE_STRICT_OBJC_MSGSEND = YES;
				GCC_C_LANGUAGE_STANDARD = gnu11;
				GCC_NO_COMMON_BLOCKS = YES;
				GCC_WARN_64_TO_32_BIT_CONVERSION = YES;
				GCC_WARN_ABOUT_RETURN_TYPE = YES_ERROR;
				GCC_WARN_UNDECLARED_SELECTOR = YES;
				GCC_WARN_UNINITIALIZED_AUTOS = YES_AGGRESSIVE;
				GCC_WARN_UNUSED_FUNCTION = YES;
				GCC_WARN_UNUSED_VARIABLE = YES;
				IPHONEOS_DEPLOYMENT_TARGET = 12.1;
				MTL_ENABLE_DEBUG_INFO = NO;
				MTL_FAST_MATH = YES;
				SDKROOT = iphoneos;
				SWIFT_COMPILATION_MODE = wholemodule;
				SWIFT_OPTIMIZATION_LEVEL = "-O";
				VALIDATE_PRODUCT = YES;
			};
			name = Release;
		};
		FA1B27CA2235699C00AC271D /* Debug */ = {
			isa = XCBuildConfiguration;
			buildSettings = {
				ASSETCATALOG_COMPILER_APPICON_NAME = AppIcon;
				CODE_SIGN_STYLE = Automatic;
				DEVELOPMENT_TEAM = XC4GERY65Y;
				INFOPLIST_FILE = TelegramChart/Info.plist;
				IPHONEOS_DEPLOYMENT_TARGET = 11.0;
				LD_RUNPATH_SEARCH_PATHS = (
					"$(inherited)",
					"@executable_path/Frameworks",
				);
				PRODUCT_BUNDLE_IDENTIFIER = com.autoxloo.testApp;
				PRODUCT_NAME = "$(TARGET_NAME)";
				SWIFT_VERSION = 4.2;
				TARGETED_DEVICE_FAMILY = "1,2";
			};
			name = Debug;
		};
		FA1B27CB2235699C00AC271D /* Release */ = {
			isa = XCBuildConfiguration;
			buildSettings = {
				ASSETCATALOG_COMPILER_APPICON_NAME = AppIcon;
				CODE_SIGN_STYLE = Automatic;
				DEVELOPMENT_TEAM = XC4GERY65Y;
				INFOPLIST_FILE = TelegramChart/Info.plist;
				IPHONEOS_DEPLOYMENT_TARGET = 11.0;
				LD_RUNPATH_SEARCH_PATHS = (
					"$(inherited)",
					"@executable_path/Frameworks",
				);
				PRODUCT_BUNDLE_IDENTIFIER = com.autoxloo.testApp;
				PRODUCT_NAME = "$(TARGET_NAME)";
				SWIFT_VERSION = 4.2;
				TARGETED_DEVICE_FAMILY = "1,2";
			};
			name = Release;
		};
/* End XCBuildConfiguration section */

/* Begin XCConfigurationList section */
		FA1B27B22235699800AC271D /* Build configuration list for PBXProject "TelegramChart" */ = {
			isa = XCConfigurationList;
			buildConfigurations = (
				FA1B27C72235699C00AC271D /* Debug */,
				FA1B27C82235699C00AC271D /* Release */,
			);
			defaultConfigurationIsVisible = 0;
			defaultConfigurationName = Release;
		};
		FA1B27C92235699C00AC271D /* Build configuration list for PBXNativeTarget "TelegramChart" */ = {
			isa = XCConfigurationList;
			buildConfigurations = (
				FA1B27CA2235699C00AC271D /* Debug */,
				FA1B27CB2235699C00AC271D /* Release */,
			);
			defaultConfigurationIsVisible = 0;
			defaultConfigurationName = Release;
		};
/* End XCConfigurationList section */
	};
	rootObject = FA1B27AF2235699800AC271D /* Project object */;
}
